{
  "name": "milo-spectrum-web-components",
  "version": "0.0.1",
  "lockfileVersion": 3,
  "requires": true,
  "packages": {
    "": {
      "name": "milo-spectrum-web-components",
      "version": "0.0.1",
      "license": "ISC",
      "dependencies": {
        "@spectrum-web-components/action-button": "^0.42.5",
        "@spectrum-web-components/action-menu": "^0.42.5",
        "@spectrum-web-components/alert-dialog": "^0.42.5",
        "@spectrum-web-components/base": "^0.42.5",
        "@spectrum-web-components/button": "^0.42.5",
        "@spectrum-web-components/button-group": "^0.42.5",
        "@spectrum-web-components/checkbox": "^0.42.5",
        "@spectrum-web-components/close-button": "^0.42.5",
        "@spectrum-web-components/dialog": "^0.42.5",
        "@spectrum-web-components/divider": "^0.42.5",
        "@spectrum-web-components/field-label": "^0.42.5",
        "@spectrum-web-components/help-text": "^0.42.5",
        "@spectrum-web-components/icon": "^0.42.5",
        "@spectrum-web-components/icons": "^0.42.5",
        "@spectrum-web-components/icons-ui": "^0.42.5",
        "@spectrum-web-components/icons-workflow": "^0.42.5",
        "@spectrum-web-components/link": "^0.42.5",
        "@spectrum-web-components/menu": "^0.42.5",
        "@spectrum-web-components/modal": "^0.42.5",
        "@spectrum-web-components/overlay": "^0.42.5",
        "@spectrum-web-components/picker": "^0.42.5",
        "@spectrum-web-components/popover": "^0.42.5",
        "@spectrum-web-components/progress-circle": "^0.42.5",
        "@spectrum-web-components/radio": "^0.42.5",
        "@spectrum-web-components/reactive-controllers": "^0.42.5",
        "@spectrum-web-components/search": "^0.42.5",
        "@spectrum-web-components/shared": "^0.42.5",
        "@spectrum-web-components/sidenav": "^0.42.5",
        "@spectrum-web-components/tabs": "^0.42.5",
        "@spectrum-web-components/textfield": "^0.42.5",
        "@spectrum-web-components/theme": "^0.42.5",
        "@spectrum-web-components/tooltip": "^0.42.5",
        "@spectrum-web-components/tray": "^0.42.5",
        "@spectrum-web-components/underlay": "^0.42.5",
        "lit": "^2.8.0"
      },
      "devDependencies": {
        "esbuild": "^0.19.8"
      }
    },
    "node_modules/@esbuild/android-arm": {
      "version": "0.19.8",
      "resolved": "https://registry.npmjs.org/@esbuild/android-arm/-/android-arm-0.19.8.tgz",
      "integrity": "sha512-31E2lxlGM1KEfivQl8Yf5aYU/mflz9g06H6S15ITUFQueMFtFjESRMoDSkvMo8thYvLBax+VKTPlpnx+sPicOA==",
      "cpu": [
        "arm"
      ],
      "dev": true,
      "optional": true,
      "os": [
        "android"
      ],
      "engines": {
        "node": ">=12"
      }
    },
    "node_modules/@esbuild/android-arm64": {
      "version": "0.19.8",
      "resolved": "https://registry.npmjs.org/@esbuild/android-arm64/-/android-arm64-0.19.8.tgz",
      "integrity": "sha512-B8JbS61bEunhfx8kasogFENgQfr/dIp+ggYXwTqdbMAgGDhRa3AaPpQMuQU0rNxDLECj6FhDzk1cF9WHMVwrtA==",
      "cpu": [
        "arm64"
      ],
      "dev": true,
      "optional": true,
      "os": [
        "android"
      ],
      "engines": {
        "node": ">=12"
      }
    },
    "node_modules/@esbuild/android-x64": {
      "version": "0.19.8",
      "resolved": "https://registry.npmjs.org/@esbuild/android-x64/-/android-x64-0.19.8.tgz",
      "integrity": "sha512-rdqqYfRIn4jWOp+lzQttYMa2Xar3OK9Yt2fhOhzFXqg0rVWEfSclJvZq5fZslnz6ypHvVf3CT7qyf0A5pM682A==",
      "cpu": [
        "x64"
      ],
      "dev": true,
      "optional": true,
      "os": [
        "android"
      ],
      "engines": {
        "node": ">=12"
      }
    },
    "node_modules/@esbuild/darwin-arm64": {
      "version": "0.19.8",
      "resolved": "https://registry.npmjs.org/@esbuild/darwin-arm64/-/darwin-arm64-0.19.8.tgz",
      "integrity": "sha512-RQw9DemMbIq35Bprbboyf8SmOr4UXsRVxJ97LgB55VKKeJOOdvsIPy0nFyF2l8U+h4PtBx/1kRf0BelOYCiQcw==",
      "cpu": [
        "arm64"
      ],
      "dev": true,
      "optional": true,
      "os": [
        "darwin"
      ],
      "engines": {
        "node": ">=12"
      }
    },
    "node_modules/@esbuild/darwin-x64": {
      "version": "0.19.8",
      "resolved": "https://registry.npmjs.org/@esbuild/darwin-x64/-/darwin-x64-0.19.8.tgz",
      "integrity": "sha512-3sur80OT9YdeZwIVgERAysAbwncom7b4bCI2XKLjMfPymTud7e/oY4y+ci1XVp5TfQp/bppn7xLw1n/oSQY3/Q==",
      "cpu": [
        "x64"
      ],
      "dev": true,
      "optional": true,
      "os": [
        "darwin"
      ],
      "engines": {
        "node": ">=12"
      }
    },
    "node_modules/@esbuild/freebsd-arm64": {
      "version": "0.19.8",
      "resolved": "https://registry.npmjs.org/@esbuild/freebsd-arm64/-/freebsd-arm64-0.19.8.tgz",
      "integrity": "sha512-WAnPJSDattvS/XtPCTj1tPoTxERjcTpH6HsMr6ujTT+X6rylVe8ggxk8pVxzf5U1wh5sPODpawNicF5ta/9Tmw==",
      "cpu": [
        "arm64"
      ],
      "dev": true,
      "optional": true,
      "os": [
        "freebsd"
      ],
      "engines": {
        "node": ">=12"
      }
    },
    "node_modules/@esbuild/freebsd-x64": {
      "version": "0.19.8",
      "resolved": "https://registry.npmjs.org/@esbuild/freebsd-x64/-/freebsd-x64-0.19.8.tgz",
      "integrity": "sha512-ICvZyOplIjmmhjd6mxi+zxSdpPTKFfyPPQMQTK/w+8eNK6WV01AjIztJALDtwNNfFhfZLux0tZLC+U9nSyA5Zg==",
      "cpu": [
        "x64"
      ],
      "dev": true,
      "optional": true,
      "os": [
        "freebsd"
      ],
      "engines": {
        "node": ">=12"
      }
    },
    "node_modules/@esbuild/linux-arm": {
      "version": "0.19.8",
      "resolved": "https://registry.npmjs.org/@esbuild/linux-arm/-/linux-arm-0.19.8.tgz",
      "integrity": "sha512-H4vmI5PYqSvosPaTJuEppU9oz1dq2A7Mr2vyg5TF9Ga+3+MGgBdGzcyBP7qK9MrwFQZlvNyJrvz6GuCaj3OukQ==",
      "cpu": [
        "arm"
      ],
      "dev": true,
      "optional": true,
      "os": [
        "linux"
      ],
      "engines": {
        "node": ">=12"
      }
    },
    "node_modules/@esbuild/linux-arm64": {
      "version": "0.19.8",
      "resolved": "https://registry.npmjs.org/@esbuild/linux-arm64/-/linux-arm64-0.19.8.tgz",
      "integrity": "sha512-z1zMZivxDLHWnyGOctT9JP70h0beY54xDDDJt4VpTX+iwA77IFsE1vCXWmprajJGa+ZYSqkSbRQ4eyLCpCmiCQ==",
      "cpu": [
        "arm64"
      ],
      "dev": true,
      "optional": true,
      "os": [
        "linux"
      ],
      "engines": {
        "node": ">=12"
      }
    },
    "node_modules/@esbuild/linux-ia32": {
      "version": "0.19.8",
      "resolved": "https://registry.npmjs.org/@esbuild/linux-ia32/-/linux-ia32-0.19.8.tgz",
      "integrity": "sha512-1a8suQiFJmZz1khm/rDglOc8lavtzEMRo0v6WhPgxkrjcU0LkHj+TwBrALwoz/OtMExvsqbbMI0ChyelKabSvQ==",
      "cpu": [
        "ia32"
      ],
      "dev": true,
      "optional": true,
      "os": [
        "linux"
      ],
      "engines": {
        "node": ">=12"
      }
    },
    "node_modules/@esbuild/linux-loong64": {
      "version": "0.19.8",
      "resolved": "https://registry.npmjs.org/@esbuild/linux-loong64/-/linux-loong64-0.19.8.tgz",
      "integrity": "sha512-fHZWS2JJxnXt1uYJsDv9+b60WCc2RlvVAy1F76qOLtXRO+H4mjt3Tr6MJ5l7Q78X8KgCFudnTuiQRBhULUyBKQ==",
      "cpu": [
        "loong64"
      ],
      "dev": true,
      "optional": true,
      "os": [
        "linux"
      ],
      "engines": {
        "node": ">=12"
      }
    },
    "node_modules/@esbuild/linux-mips64el": {
      "version": "0.19.8",
      "resolved": "https://registry.npmjs.org/@esbuild/linux-mips64el/-/linux-mips64el-0.19.8.tgz",
      "integrity": "sha512-Wy/z0EL5qZYLX66dVnEg9riiwls5IYnziwuju2oUiuxVc+/edvqXa04qNtbrs0Ukatg5HEzqT94Zs7J207dN5Q==",
      "cpu": [
        "mips64el"
      ],
      "dev": true,
      "optional": true,
      "os": [
        "linux"
      ],
      "engines": {
        "node": ">=12"
      }
    },
    "node_modules/@esbuild/linux-ppc64": {
      "version": "0.19.8",
      "resolved": "https://registry.npmjs.org/@esbuild/linux-ppc64/-/linux-ppc64-0.19.8.tgz",
      "integrity": "sha512-ETaW6245wK23YIEufhMQ3HSeHO7NgsLx8gygBVldRHKhOlD1oNeNy/P67mIh1zPn2Hr2HLieQrt6tWrVwuqrxg==",
      "cpu": [
        "ppc64"
      ],
      "dev": true,
      "optional": true,
      "os": [
        "linux"
      ],
      "engines": {
        "node": ">=12"
      }
    },
    "node_modules/@esbuild/linux-riscv64": {
      "version": "0.19.8",
      "resolved": "https://registry.npmjs.org/@esbuild/linux-riscv64/-/linux-riscv64-0.19.8.tgz",
      "integrity": "sha512-T2DRQk55SgoleTP+DtPlMrxi/5r9AeFgkhkZ/B0ap99zmxtxdOixOMI570VjdRCs9pE4Wdkz7JYrsPvsl7eESg==",
      "cpu": [
        "riscv64"
      ],
      "dev": true,
      "optional": true,
      "os": [
        "linux"
      ],
      "engines": {
        "node": ">=12"
      }
    },
    "node_modules/@esbuild/linux-s390x": {
      "version": "0.19.8",
      "resolved": "https://registry.npmjs.org/@esbuild/linux-s390x/-/linux-s390x-0.19.8.tgz",
      "integrity": "sha512-NPxbdmmo3Bk7mbNeHmcCd7R7fptJaczPYBaELk6NcXxy7HLNyWwCyDJ/Xx+/YcNH7Im5dHdx9gZ5xIwyliQCbg==",
      "cpu": [
        "s390x"
      ],
      "dev": true,
      "optional": true,
      "os": [
        "linux"
      ],
      "engines": {
        "node": ">=12"
      }
    },
    "node_modules/@esbuild/linux-x64": {
      "version": "0.19.8",
      "resolved": "https://registry.npmjs.org/@esbuild/linux-x64/-/linux-x64-0.19.8.tgz",
      "integrity": "sha512-lytMAVOM3b1gPypL2TRmZ5rnXl7+6IIk8uB3eLsV1JwcizuolblXRrc5ShPrO9ls/b+RTp+E6gbsuLWHWi2zGg==",
      "cpu": [
        "x64"
      ],
      "dev": true,
      "optional": true,
      "os": [
        "linux"
      ],
      "engines": {
        "node": ">=12"
      }
    },
    "node_modules/@esbuild/netbsd-x64": {
      "version": "0.19.8",
      "resolved": "https://registry.npmjs.org/@esbuild/netbsd-x64/-/netbsd-x64-0.19.8.tgz",
      "integrity": "sha512-hvWVo2VsXz/8NVt1UhLzxwAfo5sioj92uo0bCfLibB0xlOmimU/DeAEsQILlBQvkhrGjamP0/el5HU76HAitGw==",
      "cpu": [
        "x64"
      ],
      "dev": true,
      "optional": true,
      "os": [
        "netbsd"
      ],
      "engines": {
        "node": ">=12"
      }
    },
    "node_modules/@esbuild/openbsd-x64": {
      "version": "0.19.8",
      "resolved": "https://registry.npmjs.org/@esbuild/openbsd-x64/-/openbsd-x64-0.19.8.tgz",
      "integrity": "sha512-/7Y7u77rdvmGTxR83PgaSvSBJCC2L3Kb1M/+dmSIvRvQPXXCuC97QAwMugBNG0yGcbEGfFBH7ojPzAOxfGNkwQ==",
      "cpu": [
        "x64"
      ],
      "dev": true,
      "optional": true,
      "os": [
        "openbsd"
      ],
      "engines": {
        "node": ">=12"
      }
    },
    "node_modules/@esbuild/sunos-x64": {
      "version": "0.19.8",
      "resolved": "https://registry.npmjs.org/@esbuild/sunos-x64/-/sunos-x64-0.19.8.tgz",
      "integrity": "sha512-9Lc4s7Oi98GqFA4HzA/W2JHIYfnXbUYgekUP/Sm4BG9sfLjyv6GKKHKKVs83SMicBF2JwAX6A1PuOLMqpD001w==",
      "cpu": [
        "x64"
      ],
      "dev": true,
      "optional": true,
      "os": [
        "sunos"
      ],
      "engines": {
        "node": ">=12"
      }
    },
    "node_modules/@esbuild/win32-arm64": {
      "version": "0.19.8",
      "resolved": "https://registry.npmjs.org/@esbuild/win32-arm64/-/win32-arm64-0.19.8.tgz",
      "integrity": "sha512-rq6WzBGjSzihI9deW3fC2Gqiak68+b7qo5/3kmB6Gvbh/NYPA0sJhrnp7wgV4bNwjqM+R2AApXGxMO7ZoGhIJg==",
      "cpu": [
        "arm64"
      ],
      "dev": true,
      "optional": true,
      "os": [
        "win32"
      ],
      "engines": {
        "node": ">=12"
      }
    },
    "node_modules/@esbuild/win32-ia32": {
      "version": "0.19.8",
      "resolved": "https://registry.npmjs.org/@esbuild/win32-ia32/-/win32-ia32-0.19.8.tgz",
      "integrity": "sha512-AIAbverbg5jMvJznYiGhrd3sumfwWs8572mIJL5NQjJa06P8KfCPWZQ0NwZbPQnbQi9OWSZhFVSUWjjIrn4hSw==",
      "cpu": [
        "ia32"
      ],
      "dev": true,
      "optional": true,
      "os": [
        "win32"
      ],
      "engines": {
        "node": ">=12"
      }
    },
    "node_modules/@esbuild/win32-x64": {
      "version": "0.19.8",
      "resolved": "https://registry.npmjs.org/@esbuild/win32-x64/-/win32-x64-0.19.8.tgz",
      "integrity": "sha512-bfZ0cQ1uZs2PqpulNL5j/3w+GDhP36k1K5c38QdQg+Swy51jFZWWeIkteNsufkQxp986wnqRRsb/bHbY1WQ7TA==",
      "cpu": [
        "x64"
      ],
      "dev": true,
      "optional": true,
      "os": [
        "win32"
      ],
      "engines": {
        "node": ">=12"
      }
    },
    "node_modules/@floating-ui/core": {
      "version": "1.6.2",
      "resolved": "https://artifactory.corp.adobe.com/artifactory/api/npm/npmjs-remote/@floating-ui/core/-/core-1.6.2.tgz",
      "integrity": "sha512-+2XpQV9LLZeanU4ZevzRnGFg2neDeKHgFLjP6YLW+tly0IvrhqT4u8enLGjLH3qeh85g19xY5rsAusfwTdn5lg==",
      "dependencies": {
        "@floating-ui/utils": "^0.2.0"
      }
    },
    "node_modules/@floating-ui/dom": {
      "version": "1.6.5",
      "resolved": "https://artifactory.corp.adobe.com/artifactory/api/npm/npmjs-remote/@floating-ui/dom/-/dom-1.6.5.tgz",
      "integrity": "sha512-Nsdud2X65Dz+1RHjAIP0t8z5e2ff/IRbei6BqFrl1urT8sDVzM1HMQ+R0XcU5ceRfyO3I6ayeqIfh+6Wb8LGTw==",
      "dependencies": {
        "@floating-ui/core": "^1.0.0",
        "@floating-ui/utils": "^0.2.0"
      }
    },
    "node_modules/@floating-ui/utils": {
      "version": "0.2.2",
      "resolved": "https://artifactory.corp.adobe.com/artifactory/api/npm/npmjs-remote/@floating-ui/utils/-/utils-0.2.2.tgz",
      "integrity": "sha512-J4yDIIthosAsRZ5CPYP/jQvUAQtlZTTD/4suA08/FEnlxqW3sKS9iAhgsa9VYLZ6vDHn/ixJgIqRQPotoBjxIw=="
    },
    "node_modules/@lit-labs/observers": {
      "version": "2.0.2",
      "resolved": "https://registry.npmjs.org/@lit-labs/observers/-/observers-2.0.2.tgz",
      "integrity": "sha512-eZb5+W9Cb0e/Y5m1DNxBSGTvGB2TAVTGMnTxL/IzFhPQEcZIAHewW1eVBhN8W07A5tirRaAmmF6fGL1V20p3gQ==",
      "dependencies": {
        "@lit/reactive-element": "^1.0.0 || ^2.0.0"
      }
    },
    "node_modules/@lit-labs/ssr-dom-shim": {
      "version": "1.2.0",
      "resolved": "https://artifactory.corp.adobe.com/artifactory/api/npm/npmjs-remote/@lit-labs/ssr-dom-shim/-/ssr-dom-shim-1.2.0.tgz",
      "integrity": "sha512-yWJKmpGE6lUURKAaIltoPIE/wrbY3TEkqQt+X0m+7fQNnAv0keydnYvbiJFP1PnMhizmIWRWOG5KLhYyc/xl+g=="
    },
    "node_modules/@lit/reactive-element": {
      "version": "1.6.3",
      "resolved": "https://registry.npmjs.org/@lit/reactive-element/-/reactive-element-1.6.3.tgz",
      "integrity": "sha512-QuTgnG52Poic7uM1AN5yJ09QMe0O28e10XzSvWDz02TJiiKee4stsiownEIadWm8nYzyDAyT+gKzUoZmiWQtsQ==",
      "dependencies": {
        "@lit-labs/ssr-dom-shim": "^1.0.0"
      }
    },
    "node_modules/@spectrum-web-components/action-button": {
      "version": "0.42.5",
      "resolved": "https://artifactory.corp.adobe.com/artifactory/api/npm/npmjs-remote/@spectrum-web-components/action-button/-/action-button-0.42.5.tgz",
      "integrity": "sha512-kQG+fdZE0NN6ggso8rnYplPbZ+2pj7q2OmqqH1TpJKBDiQogGKr4Wp4GoODVlWAU4AyLs6DDUFZj7y0lj7lVvA==",
      "dependencies": {
        "@spectrum-web-components/base": "^0.42.5",
        "@spectrum-web-components/button": "^0.42.5",
        "@spectrum-web-components/icon": "^0.42.5",
        "@spectrum-web-components/icons-ui": "^0.42.5",
        "@spectrum-web-components/shared": "^0.42.5"
      }
    },
    "node_modules/@spectrum-web-components/action-menu": {
      "version": "0.42.5",
      "resolved": "https://artifactory.corp.adobe.com/artifactory/api/npm/npmjs-remote/@spectrum-web-components/action-menu/-/action-menu-0.42.5.tgz",
      "integrity": "sha512-39VumLL/DAEzpQ6rabZFUhFS9RhYGHb8/Nla6vZyUpVWuxLA/mZfD6Q+/0eKsEiz64s6JXK5KJY1zsJUhmmivQ==",
      "dependencies": {
        "@spectrum-web-components/action-button": "^0.42.5",
        "@spectrum-web-components/base": "^0.42.5",
        "@spectrum-web-components/icon": "^0.42.5",
        "@spectrum-web-components/icons-workflow": "^0.42.5",
        "@spectrum-web-components/picker": "^0.42.5",
        "@spectrum-web-components/shared": "^0.42.5"
      }
    },
    "node_modules/@spectrum-web-components/alert-dialog": {
      "version": "0.42.5",
      "resolved": "https://artifactory.corp.adobe.com/artifactory/api/npm/npmjs-remote/@spectrum-web-components/alert-dialog/-/alert-dialog-0.42.5.tgz",
      "integrity": "sha512-efDVChXGboLwSBwIy96rG5qUHOdBqEj8HU9NKqQ5dUpB4FGhU0xqa3R2D5+4c0RSslvtTraNf24S154qxPCsYQ==",
      "dependencies": {
        "@lit-labs/observers": "^2.0.2",
        "@spectrum-web-components/base": "^0.42.5",
        "@spectrum-web-components/button": "^0.42.5",
        "@spectrum-web-components/button-group": "^0.42.5",
        "@spectrum-web-components/divider": "^0.42.5",
        "@spectrum-web-components/icons-workflow": "^0.42.5",
        "@spectrum-web-components/shared": "^0.42.5"
      }
    },
    "node_modules/@spectrum-web-components/base": {
      "version": "0.42.5",
      "resolved": "https://artifactory.corp.adobe.com/artifactory/api/npm/npmjs-remote/@spectrum-web-components/base/-/base-0.42.5.tgz",
      "integrity": "sha512-0Xbn8HOVh1qLf90RGKpj49Bu0kMe2tu1bWmKAOM6JC5NgIefjXl+Fq5lxF3QRgHQ1l0ZjKjqBFGrMqBTptWlZw==",
      "dependencies": {
        "lit": "^2.5.0 || ^3.1.3"
      }
    },
    "node_modules/@spectrum-web-components/button": {
      "version": "0.42.5",
      "resolved": "https://artifactory.corp.adobe.com/artifactory/api/npm/npmjs-remote/@spectrum-web-components/button/-/button-0.42.5.tgz",
      "integrity": "sha512-+mOOLd/GerTjkqfTQFXcqenD27cqdecQyuDacLyZ8Mx/CNJ9gUSD4cpkcUiItIUJsS2NytjTVWCa9ucQ89fD8Q==",
      "dependencies": {
        "@spectrum-web-components/base": "^0.42.5",
        "@spectrum-web-components/clear-button": "^0.42.5",
        "@spectrum-web-components/close-button": "^0.42.5",
        "@spectrum-web-components/icon": "^0.42.5",
        "@spectrum-web-components/icons-ui": "^0.42.5",
        "@spectrum-web-components/progress-circle": "^0.42.5",
        "@spectrum-web-components/shared": "^0.42.5"
      }
    },
    "node_modules/@spectrum-web-components/button-group": {
      "version": "0.42.5",
      "resolved": "https://artifactory.corp.adobe.com/artifactory/api/npm/npmjs-remote/@spectrum-web-components/button-group/-/button-group-0.42.5.tgz",
      "integrity": "sha512-TgtdzOcWGnRdfe7EJJX9H7/8TeJhHT9jHrmtLnyUzegeW5odeemn/Smr+RAemIuT4iJQOJT6QRD4FrqIIkld1A==",
      "dependencies": {
        "@spectrum-web-components/base": "^0.42.5",
        "@spectrum-web-components/button": "^0.42.5"
      }
    },
    "node_modules/@spectrum-web-components/checkbox": {
      "version": "0.42.5",
      "resolved": "https://artifactory.corp.adobe.com/artifactory/api/npm/npmjs-remote/@spectrum-web-components/checkbox/-/checkbox-0.42.5.tgz",
      "integrity": "sha512-nAb3cym+sN2CNt89l7YFuLNnRUKASLjV7X9Afhi49arU1gmdJ9qLFKsYrMBcTmLpkIChqFkaKsGRM2dBB5F4Vg==",
      "dependencies": {
        "@spectrum-web-components/base": "^0.42.5",
        "@spectrum-web-components/icon": "^0.42.5",
        "@spectrum-web-components/icons-ui": "^0.42.5",
        "@spectrum-web-components/shared": "^0.42.5"
      }
    },
    "node_modules/@spectrum-web-components/clear-button": {
      "version": "0.42.5",
      "resolved": "https://artifactory.corp.adobe.com/artifactory/api/npm/npmjs-remote/@spectrum-web-components/clear-button/-/clear-button-0.42.5.tgz",
      "integrity": "sha512-5ikX6mviAfh40LpXKqBUvx4nH3bNU5bMIbicSaroJVC5t1x+p1Y/nUBppbl3t9unXvjcAqQiUCbmz0bVVIFPWQ==",
      "dependencies": {
        "@spectrum-web-components/base": "^0.42.5"
      }
    },
    "node_modules/@spectrum-web-components/close-button": {
      "version": "0.42.5",
      "resolved": "https://artifactory.corp.adobe.com/artifactory/api/npm/npmjs-remote/@spectrum-web-components/close-button/-/close-button-0.42.5.tgz",
      "integrity": "sha512-sfq43FOTzxim8XlpK+Vad0v1qcIaLQEKMD/5oJ0pDGHIe34dtGYswpJA9Qe5g2ZYZQks29JIdWZGCX4YkVNUTw==",
      "dependencies": {
        "@spectrum-web-components/base": "^0.42.5"
      }
    },
    "node_modules/@spectrum-web-components/dialog": {
      "version": "0.42.5",
      "resolved": "https://artifactory.corp.adobe.com/artifactory/api/npm/npmjs-remote/@spectrum-web-components/dialog/-/dialog-0.42.5.tgz",
      "integrity": "sha512-aaAYMWGGHKX2J+YEtWxnAOE9weHcGF3KEDGWvBwwOoy+WY1dgeEZdiJZL0h2sygoagy4Wi10/rTOR0/ycXcyeQ==",
      "dependencies": {
        "@spectrum-web-components/alert-dialog": "^0.42.5",
        "@spectrum-web-components/base": "^0.42.5",
        "@spectrum-web-components/button": "^0.42.5",
        "@spectrum-web-components/button-group": "^0.42.5",
        "@spectrum-web-components/divider": "^0.42.5",
        "@spectrum-web-components/icons-workflow": "^0.42.5",
        "@spectrum-web-components/modal": "^0.42.5",
        "@spectrum-web-components/shared": "^0.42.5",
        "@spectrum-web-components/underlay": "^0.42.5"
      }
    },
    "node_modules/@spectrum-web-components/divider": {
      "version": "0.42.5",
      "resolved": "https://artifactory.corp.adobe.com/artifactory/api/npm/npmjs-remote/@spectrum-web-components/divider/-/divider-0.42.5.tgz",
      "integrity": "sha512-yvY1UM835H8yN0hbh0ol+OOFEfWd6MJqv4/zVa9HSHQcgaTv2KSWhIgOHU2yrAPKI3Xs2zail3JtBFh1ynErpA==",
      "dependencies": {
        "@spectrum-web-components/base": "^0.42.5"
      }
    },
    "node_modules/@spectrum-web-components/field-group": {
      "version": "0.42.5",
      "resolved": "https://artifactory.corp.adobe.com/artifactory/api/npm/npmjs-remote/@spectrum-web-components/field-group/-/field-group-0.42.5.tgz",
      "integrity": "sha512-8Jp1uUW1a3SVE9TBKi8tSVcyu6oH6aRRBXO+2K9F66DyLtdBZ5j4U42nYhLsHYQs6CHYR422+0o/2w0umU89fA==",
      "dependencies": {
        "@spectrum-web-components/base": "^0.42.5",
        "@spectrum-web-components/help-text": "^0.42.5"
      }
    },
    "node_modules/@spectrum-web-components/field-label": {
      "version": "0.42.5",
      "resolved": "https://artifactory.corp.adobe.com/artifactory/api/npm/npmjs-remote/@spectrum-web-components/field-label/-/field-label-0.42.5.tgz",
      "integrity": "sha512-HSainInLkjVutscF9ms33i5WKIlbMoDfkhZ2nRECOjfUP73O4tKsi/wAAkXxcIwlwekLATOaehG8//mKJIzbJQ==",
      "dependencies": {
        "@spectrum-web-components/base": "^0.42.5",
        "@spectrum-web-components/icon": "^0.42.5",
        "@spectrum-web-components/icons-ui": "^0.42.5",
        "@spectrum-web-components/reactive-controllers": "^0.42.5",
        "@spectrum-web-components/shared": "^0.42.5"
      }
    },
    "node_modules/@spectrum-web-components/help-text": {
      "version": "0.42.5",
      "resolved": "https://artifactory.corp.adobe.com/artifactory/api/npm/npmjs-remote/@spectrum-web-components/help-text/-/help-text-0.42.5.tgz",
      "integrity": "sha512-3TCnVJE3awymYuZ7SvHQuY2TiKm514agRsDWvEcQI4DXzMZl3zaNs9h/C88qBnemfGt7EIfA+EvmL4SezKE9xg==",
      "dependencies": {
        "@spectrum-web-components/base": "^0.42.5",
        "@spectrum-web-components/icons-workflow": "^0.42.5",
        "@spectrum-web-components/shared": "^0.42.5"
      }
    },
    "node_modules/@spectrum-web-components/icon": {
      "version": "0.42.5",
      "resolved": "https://artifactory.corp.adobe.com/artifactory/api/npm/npmjs-remote/@spectrum-web-components/icon/-/icon-0.42.5.tgz",
      "integrity": "sha512-7fECP297EgEu1XvBPLxfPRSuEM6dmkkEeuPpHXwhjbicqiOsAFVDLALB/LUghOhQBXI7Hd7Vl1eQiYYaVLKKfw==",
      "dependencies": {
        "@spectrum-web-components/base": "^0.42.5",
        "@spectrum-web-components/iconset": "^0.42.5"
      }
    },
    "node_modules/@spectrum-web-components/icons": {
      "version": "0.42.5",
      "resolved": "https://artifactory.corp.adobe.com/artifactory/api/npm/npmjs-remote/@spectrum-web-components/icons/-/icons-0.42.5.tgz",
      "integrity": "sha512-al//A8FiLyt59dVlUy8JchxplnuHLu9hYsTFUld1TkiuY0lS42ZE2rxQO+9AX33ZJ/5bv3er9s46sm1FVszmYw==",
      "dependencies": {
        "@spectrum-web-components/base": "^0.42.5",
        "@spectrum-web-components/iconset": "^0.42.5"
      }
    },
    "node_modules/@spectrum-web-components/icons-ui": {
      "version": "0.42.5",
      "resolved": "https://artifactory.corp.adobe.com/artifactory/api/npm/npmjs-remote/@spectrum-web-components/icons-ui/-/icons-ui-0.42.5.tgz",
      "integrity": "sha512-Jif910xJFC0JhmeCYWQUubI/C3kB2INHomNye2y4rWYatVE/ZMjJc4BLcs2RTRYRvt/2yJ7LUwi2SZi7q3eJmQ==",
      "dependencies": {
        "@spectrum-web-components/base": "^0.42.5",
        "@spectrum-web-components/icon": "^0.42.5",
        "@spectrum-web-components/iconset": "^0.42.5"
      }
    },
    "node_modules/@spectrum-web-components/icons-workflow": {
      "version": "0.42.5",
      "resolved": "https://artifactory.corp.adobe.com/artifactory/api/npm/npmjs-remote/@spectrum-web-components/icons-workflow/-/icons-workflow-0.42.5.tgz",
      "integrity": "sha512-LR9+leTSnTyy8MxVKi+bbC7pBCzNUIq97dcf6MH3smo2Xcrh+W5pIBdw4LIOAt0yzdLRagfQtMFkzQfhH7+9VQ==",
      "dependencies": {
        "@spectrum-web-components/base": "^0.42.5",
        "@spectrum-web-components/icon": "^0.42.5"
      }
    },
    "node_modules/@spectrum-web-components/iconset": {
      "version": "0.42.5",
      "resolved": "https://artifactory.corp.adobe.com/artifactory/api/npm/npmjs-remote/@spectrum-web-components/iconset/-/iconset-0.42.5.tgz",
      "integrity": "sha512-jdmydViHhSXVStfpweFgTyU5bC9KmX1rC03eN4fyUI/E7JES22V+SMi2jvT71gb7MHswqsS7mlPyUBlcJGrz1Q==",
      "dependencies": {
        "@spectrum-web-components/base": "^0.42.5"
      }
    },
    "node_modules/@spectrum-web-components/link": {
      "version": "0.42.5",
      "resolved": "https://artifactory.corp.adobe.com/artifactory/api/npm/npmjs-remote/@spectrum-web-components/link/-/link-0.42.5.tgz",
      "integrity": "sha512-HQUHX8mwmZrQYgUXMfuwZUP3DDOC7scmGqEh4/mgaG5rGoSXNJGpJvEbKHSeIzxS2Gtf0mlHrtYTXFAiWUHMMg==",
      "dependencies": {
        "@spectrum-web-components/base": "^0.42.5",
        "@spectrum-web-components/shared": "^0.42.5"
      }
    },
    "node_modules/@spectrum-web-components/menu": {
      "version": "0.42.5",
      "resolved": "https://artifactory.corp.adobe.com/artifactory/api/npm/npmjs-remote/@spectrum-web-components/menu/-/menu-0.42.5.tgz",
      "integrity": "sha512-CuZXR2kmCf3o+Zv1RHhW2mtFPpcAUKyz2Bqay1tn3iQUmLLW0GEfqmE4WsLUc19XCAtYtZyuMNh+e0/IdSDyBQ==",
      "dependencies": {
        "@lit-labs/observers": "^2.0.2",
        "@spectrum-web-components/action-button": "^0.42.5",
        "@spectrum-web-components/base": "^0.42.5",
        "@spectrum-web-components/divider": "^0.42.5",
        "@spectrum-web-components/icon": "^0.42.5",
        "@spectrum-web-components/icons-ui": "^0.42.5",
        "@spectrum-web-components/overlay": "^0.42.5",
        "@spectrum-web-components/popover": "^0.42.5",
        "@spectrum-web-components/reactive-controllers": "^0.42.5",
        "@spectrum-web-components/shared": "^0.42.5"
      }
    },
    "node_modules/@spectrum-web-components/modal": {
      "version": "0.42.5",
      "resolved": "https://artifactory.corp.adobe.com/artifactory/api/npm/npmjs-remote/@spectrum-web-components/modal/-/modal-0.42.5.tgz",
      "integrity": "sha512-sxkKK1QbBsKaUy99kpghxaRBzM6SDe0tn5699QHMvyEGJVZsvAFgwZ8tJqBvs8sGKcQ04en3UOloZm1pvbmIOw==",
      "dependencies": {
        "@spectrum-web-components/base": "^0.42.5"
      }
    },
    "node_modules/@spectrum-web-components/overlay": {
      "version": "0.42.5",
      "resolved": "https://artifactory.corp.adobe.com/artifactory/api/npm/npmjs-remote/@spectrum-web-components/overlay/-/overlay-0.42.5.tgz",
      "integrity": "sha512-SFD0wyTUWglPW9Hth3pT17xQLdcggWOw8EkiYoOp0Eth6/LKCcJ0a63EFlzEXyY/DqgC24/KzE+mF2Kqcne01A==",
      "dependencies": {
        "@floating-ui/dom": "^1.6.1",
        "@floating-ui/utils": "^0.2.1",
        "@spectrum-web-components/action-button": "^0.42.5",
        "@spectrum-web-components/base": "^0.42.5",
        "@spectrum-web-components/reactive-controllers": "^0.42.5",
        "@spectrum-web-components/shared": "^0.42.5",
        "@spectrum-web-components/theme": "^0.42.5"
      }
    },
    "node_modules/@spectrum-web-components/picker": {
      "version": "0.42.5",
      "resolved": "https://artifactory.corp.adobe.com/artifactory/api/npm/npmjs-remote/@spectrum-web-components/picker/-/picker-0.42.5.tgz",
      "integrity": "sha512-qS/TkXwtgBBLrHbLUufGm3g022orjACOOeFAk1aZ7sYfapWxztOzXlUO5L8qOaUhabA1IJ2K4kIuygfY9DVdFw==",
      "dependencies": {
        "@spectrum-web-components/base": "^0.42.5",
        "@spectrum-web-components/button": "^0.42.5",
        "@spectrum-web-components/field-label": "^0.42.5",
        "@spectrum-web-components/icon": "^0.42.5",
        "@spectrum-web-components/icons-ui": "^0.42.5",
        "@spectrum-web-components/icons-workflow": "^0.42.5",
        "@spectrum-web-components/menu": "^0.42.5",
        "@spectrum-web-components/overlay": "^0.42.5",
        "@spectrum-web-components/popover": "^0.42.5",
        "@spectrum-web-components/progress-circle": "^0.42.5",
        "@spectrum-web-components/reactive-controllers": "^0.42.5",
        "@spectrum-web-components/shared": "^0.42.5",
        "@spectrum-web-components/tooltip": "^0.42.5",
        "@spectrum-web-components/tray": "^0.42.5"
      }
    },
    "node_modules/@spectrum-web-components/popover": {
      "version": "0.42.5",
      "resolved": "https://artifactory.corp.adobe.com/artifactory/api/npm/npmjs-remote/@spectrum-web-components/popover/-/popover-0.42.5.tgz",
      "integrity": "sha512-4A5IcPAzS8NjfSkZYq4P1baIVG3bM983SCTrR0GlLKvH/XYW07idUYiw2R9N/0DEDzY0c+u9U29Iec4o4CSLEw==",
      "dependencies": {
        "@spectrum-web-components/base": "^0.42.5",
        "@spectrum-web-components/overlay": "^0.42.5"
      }
    },
    "node_modules/@spectrum-web-components/progress-circle": {
      "version": "0.42.5",
      "resolved": "https://artifactory.corp.adobe.com/artifactory/api/npm/npmjs-remote/@spectrum-web-components/progress-circle/-/progress-circle-0.42.5.tgz",
      "integrity": "sha512-XROdnKCYjkKP0Fzoa21zzAqr/xwJ6dyQRgBafw1aMpA8gMVlcW0JHz6ZPAukWTMV6szIfU3DjP0eLmMdMPqDwg==",
      "dependencies": {
        "@spectrum-web-components/base": "^0.42.5",
        "@spectrum-web-components/shared": "^0.42.5"
      }
    },
    "node_modules/@spectrum-web-components/radio": {
      "version": "0.42.5",
      "resolved": "https://artifactory.corp.adobe.com/artifactory/api/npm/npmjs-remote/@spectrum-web-components/radio/-/radio-0.42.5.tgz",
      "integrity": "sha512-KpYLWB7XD4A0TS/w/bqAVAAVycxbTWCg+GfSzWZLOSGr/b3ZQ2aCFfdk6jJ8UvMNhLlY5SNyCNcfzQnSBjS3OQ==",
      "dependencies": {
        "@spectrum-web-components/base": "^0.42.5",
        "@spectrum-web-components/field-group": "^0.42.5",
        "@spectrum-web-components/help-text": "^0.42.5",
        "@spectrum-web-components/reactive-controllers": "^0.42.5",
        "@spectrum-web-components/shared": "^0.42.5"
      }
    },
    "node_modules/@spectrum-web-components/reactive-controllers": {
      "version": "0.42.5",
      "resolved": "https://artifactory.corp.adobe.com/artifactory/api/npm/npmjs-remote/@spectrum-web-components/reactive-controllers/-/reactive-controllers-0.42.5.tgz",
      "integrity": "sha512-xKg1rhGklcZ6TwYlSmtwCaLiITb6Tdl3vKkLEzCe4dfYDD0FO0kIUuI9uCVonTz6bVBTtEd1/taXJCSneUuDJg==",
      "dependencies": {
        "lit": "^3.1.3"
      }
    },
    "node_modules/@spectrum-web-components/reactive-controllers/node_modules/@lit/reactive-element": {
      "version": "2.0.4",
      "resolved": "https://artifactory.corp.adobe.com/artifactory/api/npm/npmjs-remote/@lit/reactive-element/-/reactive-element-2.0.4.tgz",
      "integrity": "sha512-GFn91inaUa2oHLak8awSIigYz0cU0Payr1rcFsrkf5OJ5eSPxElyZfKh0f2p9FsTiZWXQdWGJeXZICEfXXYSXQ==",
      "dependencies": {
        "@lit-labs/ssr-dom-shim": "^1.2.0"
      }
    },
    "node_modules/@spectrum-web-components/reactive-controllers/node_modules/lit": {
      "version": "3.1.3",
      "resolved": "https://artifactory.corp.adobe.com/artifactory/api/npm/npmjs-remote/lit/-/lit-3.1.3.tgz",
      "integrity": "sha512-l4slfspEsnCcHVRTvaP7YnkTZEZggNFywLEIhQaGhYDczG+tu/vlgm/KaWIEjIp+ZyV20r2JnZctMb8LeLCG7Q==",
      "dependencies": {
        "@lit/reactive-element": "^2.0.4",
        "lit-element": "^4.0.4",
        "lit-html": "^3.1.2"
      }
    },
    "node_modules/@spectrum-web-components/reactive-controllers/node_modules/lit-element": {
      "version": "4.0.5",
      "resolved": "https://artifactory.corp.adobe.com/artifactory/api/npm/npmjs-remote/lit-element/-/lit-element-4.0.5.tgz",
      "integrity": "sha512-iTWskWZEtn9SyEf4aBG6rKT8GABZMrTWop1+jopsEOgEcugcXJGKuX5bEbkq9qfzY+XB4MAgCaSPwnNpdsNQ3Q==",
      "dependencies": {
        "@lit-labs/ssr-dom-shim": "^1.2.0",
        "@lit/reactive-element": "^2.0.4",
        "lit-html": "^3.1.2"
      }
    },
    "node_modules/@spectrum-web-components/reactive-controllers/node_modules/lit-html": {
      "version": "3.1.3",
      "resolved": "https://artifactory.corp.adobe.com/artifactory/api/npm/npmjs-remote/lit-html/-/lit-html-3.1.3.tgz",
      "integrity": "sha512-FwIbqDD8O/8lM4vUZ4KvQZjPPNx7V1VhT7vmRB8RBAO0AU6wuTVdoXiu2CivVjEGdugvcbPNBLtPE1y0ifplHA==",
      "dependencies": {
        "@types/trusted-types": "^2.0.2"
      }
    },
    "node_modules/@spectrum-web-components/search": {
      "version": "0.42.5",
      "resolved": "https://artifactory.corp.adobe.com/artifactory/api/npm/npmjs-remote/@spectrum-web-components/search/-/search-0.42.5.tgz",
      "integrity": "sha512-XCXafVaAc5Q1pdSowtZHE+i/p+PWDnPztpPjo09wzarveX2mrhVHjYl1BU8dfrYh8PBkOTbsEPXy10bdfEH1GQ==",
      "dependencies": {
        "@spectrum-web-components/base": "^0.42.5",
        "@spectrum-web-components/button": "^0.42.5",
        "@spectrum-web-components/icon": "^0.42.5",
        "@spectrum-web-components/icons-workflow": "^0.42.5",
        "@spectrum-web-components/textfield": "^0.42.5"
      }
    },
    "node_modules/@spectrum-web-components/shared": {
      "version": "0.42.5",
      "resolved": "https://artifactory.corp.adobe.com/artifactory/api/npm/npmjs-remote/@spectrum-web-components/shared/-/shared-0.42.5.tgz",
      "integrity": "sha512-daqAnp1KBJ/j0P3I30Z1wuK6wu7p5Bij+0ofCdopo4DK4F3GntfUmRb6a9C4TNV+mWP4K+VxMtZ55aHuLG99Gw==",
      "dependencies": {
        "@lit-labs/observers": "^2.0.2",
        "@spectrum-web-components/base": "^0.42.5",
        "focus-visible": "^5.1.0"
      }
    },
    "node_modules/@spectrum-web-components/sidenav": {
      "version": "0.42.5",
      "resolved": "https://artifactory.corp.adobe.com/artifactory/api/npm/npmjs-remote/@spectrum-web-components/sidenav/-/sidenav-0.42.5.tgz",
      "integrity": "sha512-t9eFiyQOslFGalY7xyiQMj3k5AHxeQ0uezu43JOixP6nkeforeXGyidviHaPEImUXHJCuI+p3XO0EBeNx4a63A==",
      "dependencies": {
        "@spectrum-web-components/base": "^0.42.5",
        "@spectrum-web-components/reactive-controllers": "^0.42.5",
        "@spectrum-web-components/shared": "^0.42.5"
      }
    },
    "node_modules/@spectrum-web-components/styles": {
      "version": "0.42.5",
      "resolved": "https://artifactory.corp.adobe.com/artifactory/api/npm/npmjs-remote/@spectrum-web-components/styles/-/styles-0.42.5.tgz",
      "integrity": "sha512-e2ZFmMTAUMg4VZVR3CpqdeZoLhqu6SN+FiQE7bDspdOAE9V4vIM4nFHVq7FntxEZYjWge3LWqHdOT75BhYG9lQ==",
      "dependencies": {
        "@spectrum-web-components/base": "^0.42.5"
      }
    },
    "node_modules/@spectrum-web-components/tabs": {
      "version": "0.42.5",
      "resolved": "https://artifactory.corp.adobe.com/artifactory/api/npm/npmjs-remote/@spectrum-web-components/tabs/-/tabs-0.42.5.tgz",
      "integrity": "sha512-K9IRqi2oWVNY+aR1e4nMVO8faWBsoOesO1HWxPsKyhDHTJeU31E7vxbWTXnEyFHoSqCbchX2bbauuZGN3JonYQ==",
      "dependencies": {
        "@lit-labs/observers": "^2.0.2",
        "@spectrum-web-components/base": "^0.42.5",
        "@spectrum-web-components/icon": "^0.42.5",
        "@spectrum-web-components/icons-ui": "^0.42.5",
        "@spectrum-web-components/reactive-controllers": "^0.42.5",
        "@spectrum-web-components/shared": "^0.42.5"
      }
    },
    "node_modules/@spectrum-web-components/textfield": {
      "version": "0.42.5",
      "resolved": "https://artifactory.corp.adobe.com/artifactory/api/npm/npmjs-remote/@spectrum-web-components/textfield/-/textfield-0.42.5.tgz",
      "integrity": "sha512-79EFHUXqDaPG870pwtUQ+gxLvYp0cDetDRcCgyiccChJkSd3/LXH6kz2XwNjCCGsIDVfjNg7kdEKGSRNTBV2hw==",
      "dependencies": {
        "@spectrum-web-components/base": "^0.42.5",
        "@spectrum-web-components/help-text": "^0.42.5",
        "@spectrum-web-components/icon": "^0.42.5",
        "@spectrum-web-components/icons-ui": "^0.42.5",
        "@spectrum-web-components/icons-workflow": "^0.42.5",
        "@spectrum-web-components/shared": "^0.42.5"
      }
    },
    "node_modules/@spectrum-web-components/theme": {
      "version": "0.42.5",
      "resolved": "https://artifactory.corp.adobe.com/artifactory/api/npm/npmjs-remote/@spectrum-web-components/theme/-/theme-0.42.5.tgz",
      "integrity": "sha512-6E+j4RfHRlxwrK+t6Sy7az2Pw2N0AaYidcJbXcZZw/luYr1NtvNWMuJq6Jg5bbusTSSNSrAXDgsi4e09MVHuNg==",
      "dependencies": {
        "@spectrum-web-components/base": "^0.42.5",
        "@spectrum-web-components/styles": "^0.42.5"
      }
    },
    "node_modules/@spectrum-web-components/tooltip": {
      "version": "0.42.5",
      "resolved": "https://artifactory.corp.adobe.com/artifactory/api/npm/npmjs-remote/@spectrum-web-components/tooltip/-/tooltip-0.42.5.tgz",
      "integrity": "sha512-x+tiVnmgdi1mnlOX2vWlEXW9gl2Sj7f9xzb752JJsEKLkggCP19ldXtuapOzr7clT9Ke1cBrQ/ZrBKoDRuQXJQ==",
      "dependencies": {
        "@spectrum-web-components/base": "^0.42.5",
        "@spectrum-web-components/overlay": "^0.42.5",
        "@spectrum-web-components/reactive-controllers": "^0.42.5",
        "@spectrum-web-components/shared": "^0.42.5"
      }
    },
    "node_modules/@spectrum-web-components/tray": {
      "version": "0.42.5",
      "resolved": "https://artifactory.corp.adobe.com/artifactory/api/npm/npmjs-remote/@spectrum-web-components/tray/-/tray-0.42.5.tgz",
      "integrity": "sha512-/HycXMjNkeImbfva1IBXqnfqyLrBbHMNgbOKk34t9JvZ/hIj0vaaMtcyb6OUaZfpYRInJlUO+Y7PyGKzfPWM5g==",
      "dependencies": {
        "@spectrum-web-components/base": "^0.42.5",
        "@spectrum-web-components/modal": "^0.42.5",
        "@spectrum-web-components/reactive-controllers": "^0.42.5",
        "@spectrum-web-components/shared": "^0.42.5",
        "@spectrum-web-components/underlay": "^0.42.5"
      }
    },
    "node_modules/@spectrum-web-components/underlay": {
      "version": "0.42.5",
      "resolved": "https://artifactory.corp.adobe.com/artifactory/api/npm/npmjs-remote/@spectrum-web-components/underlay/-/underlay-0.42.5.tgz",
      "integrity": "sha512-oa5UdX90Ail762pYJ7OYNHmnlMIVXy07dg9QzW6PvVq+mMdNUj0Fh7icui/AKBL5EpzOTSaXSROq9UCKBtzv8g==",
      "dependencies": {
        "@spectrum-web-components/base": "^0.42.5"
      }
    },
    "node_modules/@types/trusted-types": {
      "version": "2.0.7",
      "resolved": "https://registry.npmjs.org/@types/trusted-types/-/trusted-types-2.0.7.tgz",
      "integrity": "sha512-ScaPdn1dQczgbl0QFTeTOmVHFULt394XJgOQNoyVhZ6r2vLnMLJfBPd53SB52T/3G36VI1/g2MZaX0cwDuXsfw=="
    },
    "node_modules/esbuild": {
      "version": "0.19.8",
      "resolved": "https://registry.npmjs.org/esbuild/-/esbuild-0.19.8.tgz",
      "integrity": "sha512-l7iffQpT2OrZfH2rXIp7/FkmaeZM0vxbxN9KfiCwGYuZqzMg/JdvX26R31Zxn/Pxvsrg3Y9N6XTcnknqDyyv4w==",
      "dev": true,
      "hasInstallScript": true,
      "bin": {
        "esbuild": "bin/esbuild"
      },
      "engines": {
        "node": ">=12"
      },
      "optionalDependencies": {
        "@esbuild/android-arm": "0.19.8",
        "@esbuild/android-arm64": "0.19.8",
        "@esbuild/android-x64": "0.19.8",
        "@esbuild/darwin-arm64": "0.19.8",
        "@esbuild/darwin-x64": "0.19.8",
        "@esbuild/freebsd-arm64": "0.19.8",
        "@esbuild/freebsd-x64": "0.19.8",
        "@esbuild/linux-arm": "0.19.8",
        "@esbuild/linux-arm64": "0.19.8",
        "@esbuild/linux-ia32": "0.19.8",
        "@esbuild/linux-loong64": "0.19.8",
        "@esbuild/linux-mips64el": "0.19.8",
        "@esbuild/linux-ppc64": "0.19.8",
        "@esbuild/linux-riscv64": "0.19.8",
        "@esbuild/linux-s390x": "0.19.8",
        "@esbuild/linux-x64": "0.19.8",
        "@esbuild/netbsd-x64": "0.19.8",
        "@esbuild/openbsd-x64": "0.19.8",
        "@esbuild/sunos-x64": "0.19.8",
        "@esbuild/win32-arm64": "0.19.8",
        "@esbuild/win32-ia32": "0.19.8",
        "@esbuild/win32-x64": "0.19.8"
      }
    },
    "node_modules/focus-visible": {
      "version": "5.2.0",
      "resolved": "https://registry.npmjs.org/focus-visible/-/focus-visible-5.2.0.tgz",
      "integrity": "sha512-Rwix9pBtC1Nuy5wysTmKy+UjbDJpIfg8eHjw0rjZ1mX4GNLz1Bmd16uDpI3Gk1i70Fgcs8Csg2lPm8HULFg9DQ=="
    },
    "node_modules/lit": {
      "version": "2.8.0",
      "resolved": "https://registry.npmjs.org/lit/-/lit-2.8.0.tgz",
      "integrity": "sha512-4Sc3OFX9QHOJaHbmTMk28SYgVxLN3ePDjg7hofEft2zWlehFL3LiAuapWc4U/kYwMYJSh2hTCPZ6/LIC7ii0MA==",
      "dependencies": {
        "@lit/reactive-element": "^1.6.0",
        "lit-element": "^3.3.0",
        "lit-html": "^2.8.0"
      }
    },
    "node_modules/lit-element": {
      "version": "3.3.3",
      "resolved": "https://registry.npmjs.org/lit-element/-/lit-element-3.3.3.tgz",
      "integrity": "sha512-XbeRxmTHubXENkV4h8RIPyr8lXc+Ff28rkcQzw3G6up2xg5E8Zu1IgOWIwBLEQsu3cOVFqdYwiVi0hv0SlpqUA==",
      "dependencies": {
        "@lit-labs/ssr-dom-shim": "^1.1.0",
        "@lit/reactive-element": "^1.3.0",
        "lit-html": "^2.8.0"
      }
    },
    "node_modules/lit-html": {
      "version": "2.8.0",
      "resolved": "https://registry.npmjs.org/lit-html/-/lit-html-2.8.0.tgz",
      "integrity": "sha512-o9t+MQM3P4y7M7yNzqAyjp7z+mQGa4NS4CxiyLqFPyFWyc4O+nodLrkrxSaCTrla6M5YOLaT3RpbbqjszB5g3Q==",
      "dependencies": {
        "@types/trusted-types": "^2.0.2"
      }
    }
  }
}
