{
  "name": "milo-spectrum-web-components",
  "version": "0.0.1",
  "lockfileVersion": 3,
  "requires": true,
  "packages": {
    "": {
      "name": "milo-spectrum-web-components",
      "version": "0.0.1",
      "license": "ISC",
      "dependencies": {
        "@spectrum-web-components/alert-dialog": "^0.40.0",
        "@spectrum-web-components/base": "^0.40.0",
        "@spectrum-web-components/button": "^0.40.0",
        "@spectrum-web-components/button-group": "^0.40.0",
        "@spectrum-web-components/checkbox": "^0.40.0",
        "@spectrum-web-components/dialog": "^0.40.0",
        "@spectrum-web-components/divider": "^0.40.0",
        "@spectrum-web-components/field-label": "^0.40.0",
        "@spectrum-web-components/help-text": "^0.40.0",
        "@spectrum-web-components/icon": "^0.40.0",
        "@spectrum-web-components/icons": "^0.40.0",
        "@spectrum-web-components/icons-ui": "^0.40.0",
        "@spectrum-web-components/icons-workflow": "^0.40.0",
        "@spectrum-web-components/link": "^0.40.0",
        "@spectrum-web-components/menu": "^0.40.0",
        "@spectrum-web-components/modal": "^0.40.0",
        "@spectrum-web-components/overlay": "^0.40.0",
        "@spectrum-web-components/popover": "^0.40.0",
        "@spectrum-web-components/progress-circle": "^0.40.0",
        "@spectrum-web-components/radio": "^0.40.0",
        "@spectrum-web-components/reactive-controllers": "^0.40.0",
        "@spectrum-web-components/search": "^0.40.0",
        "@spectrum-web-components/shared": "^0.40.0",
        "@spectrum-web-components/sidenav": "^0.40.0",
        "@spectrum-web-components/textfield": "^0.40.0",
        "@spectrum-web-components/theme": "^0.40.0",
        "@spectrum-web-components/tooltip": "^0.40.0",
        "@spectrum-web-components/tray": "^0.40.0",
        "@spectrum-web-components/underlay": "^0.40.0",
        "add": "^2.0.6",
        "lit": "^2.8.0"
      },
      "devDependencies": {
        "esbuild": "^0.19.8"
      }
    },
    "node_modules/@esbuild/android-arm": {
      "version": "0.19.8",
      "resolved": "https://registry.npmjs.org/@esbuild/android-arm/-/android-arm-0.19.8.tgz",
      "integrity": "sha512-31E2lxlGM1KEfivQl8Yf5aYU/mflz9g06H6S15ITUFQueMFtFjESRMoDSkvMo8thYvLBax+VKTPlpnx+sPicOA==",
      "cpu": [
        "arm"
      ],
      "dev": true,
      "optional": true,
      "os": [
        "android"
      ],
      "engines": {
        "node": ">=12"
      }
    },
    "node_modules/@esbuild/android-arm64": {
      "version": "0.19.8",
      "resolved": "https://registry.npmjs.org/@esbuild/android-arm64/-/android-arm64-0.19.8.tgz",
      "integrity": "sha512-B8JbS61bEunhfx8kasogFENgQfr/dIp+ggYXwTqdbMAgGDhRa3AaPpQMuQU0rNxDLECj6FhDzk1cF9WHMVwrtA==",
      "cpu": [
        "arm64"
      ],
      "dev": true,
      "optional": true,
      "os": [
        "android"
      ],
      "engines": {
        "node": ">=12"
      }
    },
    "node_modules/@esbuild/android-x64": {
      "version": "0.19.8",
      "resolved": "https://registry.npmjs.org/@esbuild/android-x64/-/android-x64-0.19.8.tgz",
      "integrity": "sha512-rdqqYfRIn4jWOp+lzQttYMa2Xar3OK9Yt2fhOhzFXqg0rVWEfSclJvZq5fZslnz6ypHvVf3CT7qyf0A5pM682A==",
      "cpu": [
        "x64"
      ],
      "dev": true,
      "optional": true,
      "os": [
        "android"
      ],
      "engines": {
        "node": ">=12"
      }
    },
    "node_modules/@esbuild/darwin-arm64": {
      "version": "0.19.8",
      "resolved": "https://registry.npmjs.org/@esbuild/darwin-arm64/-/darwin-arm64-0.19.8.tgz",
      "integrity": "sha512-RQw9DemMbIq35Bprbboyf8SmOr4UXsRVxJ97LgB55VKKeJOOdvsIPy0nFyF2l8U+h4PtBx/1kRf0BelOYCiQcw==",
      "cpu": [
        "arm64"
      ],
      "dev": true,
      "optional": true,
      "os": [
        "darwin"
      ],
      "engines": {
        "node": ">=12"
      }
    },
    "node_modules/@esbuild/darwin-x64": {
      "version": "0.19.8",
      "resolved": "https://registry.npmjs.org/@esbuild/darwin-x64/-/darwin-x64-0.19.8.tgz",
      "integrity": "sha512-3sur80OT9YdeZwIVgERAysAbwncom7b4bCI2XKLjMfPymTud7e/oY4y+ci1XVp5TfQp/bppn7xLw1n/oSQY3/Q==",
      "cpu": [
        "x64"
      ],
      "dev": true,
      "optional": true,
      "os": [
        "darwin"
      ],
      "engines": {
        "node": ">=12"
      }
    },
    "node_modules/@esbuild/freebsd-arm64": {
      "version": "0.19.8",
      "resolved": "https://registry.npmjs.org/@esbuild/freebsd-arm64/-/freebsd-arm64-0.19.8.tgz",
      "integrity": "sha512-WAnPJSDattvS/XtPCTj1tPoTxERjcTpH6HsMr6ujTT+X6rylVe8ggxk8pVxzf5U1wh5sPODpawNicF5ta/9Tmw==",
      "cpu": [
        "arm64"
      ],
      "dev": true,
      "optional": true,
      "os": [
        "freebsd"
      ],
      "engines": {
        "node": ">=12"
      }
    },
    "node_modules/@esbuild/freebsd-x64": {
      "version": "0.19.8",
      "resolved": "https://registry.npmjs.org/@esbuild/freebsd-x64/-/freebsd-x64-0.19.8.tgz",
      "integrity": "sha512-ICvZyOplIjmmhjd6mxi+zxSdpPTKFfyPPQMQTK/w+8eNK6WV01AjIztJALDtwNNfFhfZLux0tZLC+U9nSyA5Zg==",
      "cpu": [
        "x64"
      ],
      "dev": true,
      "optional": true,
      "os": [
        "freebsd"
      ],
      "engines": {
        "node": ">=12"
      }
    },
    "node_modules/@esbuild/linux-arm": {
      "version": "0.19.8",
      "resolved": "https://registry.npmjs.org/@esbuild/linux-arm/-/linux-arm-0.19.8.tgz",
      "integrity": "sha512-H4vmI5PYqSvosPaTJuEppU9oz1dq2A7Mr2vyg5TF9Ga+3+MGgBdGzcyBP7qK9MrwFQZlvNyJrvz6GuCaj3OukQ==",
      "cpu": [
        "arm"
      ],
      "dev": true,
      "optional": true,
      "os": [
        "linux"
      ],
      "engines": {
        "node": ">=12"
      }
    },
    "node_modules/@esbuild/linux-arm64": {
      "version": "0.19.8",
      "resolved": "https://registry.npmjs.org/@esbuild/linux-arm64/-/linux-arm64-0.19.8.tgz",
      "integrity": "sha512-z1zMZivxDLHWnyGOctT9JP70h0beY54xDDDJt4VpTX+iwA77IFsE1vCXWmprajJGa+ZYSqkSbRQ4eyLCpCmiCQ==",
      "cpu": [
        "arm64"
      ],
      "dev": true,
      "optional": true,
      "os": [
        "linux"
      ],
      "engines": {
        "node": ">=12"
      }
    },
    "node_modules/@esbuild/linux-ia32": {
      "version": "0.19.8",
      "resolved": "https://registry.npmjs.org/@esbuild/linux-ia32/-/linux-ia32-0.19.8.tgz",
      "integrity": "sha512-1a8suQiFJmZz1khm/rDglOc8lavtzEMRo0v6WhPgxkrjcU0LkHj+TwBrALwoz/OtMExvsqbbMI0ChyelKabSvQ==",
      "cpu": [
        "ia32"
      ],
      "dev": true,
      "optional": true,
      "os": [
        "linux"
      ],
      "engines": {
        "node": ">=12"
      }
    },
    "node_modules/@esbuild/linux-loong64": {
      "version": "0.19.8",
      "resolved": "https://registry.npmjs.org/@esbuild/linux-loong64/-/linux-loong64-0.19.8.tgz",
      "integrity": "sha512-fHZWS2JJxnXt1uYJsDv9+b60WCc2RlvVAy1F76qOLtXRO+H4mjt3Tr6MJ5l7Q78X8KgCFudnTuiQRBhULUyBKQ==",
      "cpu": [
        "loong64"
      ],
      "dev": true,
      "optional": true,
      "os": [
        "linux"
      ],
      "engines": {
        "node": ">=12"
      }
    },
    "node_modules/@esbuild/linux-mips64el": {
      "version": "0.19.8",
      "resolved": "https://registry.npmjs.org/@esbuild/linux-mips64el/-/linux-mips64el-0.19.8.tgz",
      "integrity": "sha512-Wy/z0EL5qZYLX66dVnEg9riiwls5IYnziwuju2oUiuxVc+/edvqXa04qNtbrs0Ukatg5HEzqT94Zs7J207dN5Q==",
      "cpu": [
        "mips64el"
      ],
      "dev": true,
      "optional": true,
      "os": [
        "linux"
      ],
      "engines": {
        "node": ">=12"
      }
    },
    "node_modules/@esbuild/linux-ppc64": {
      "version": "0.19.8",
      "resolved": "https://registry.npmjs.org/@esbuild/linux-ppc64/-/linux-ppc64-0.19.8.tgz",
      "integrity": "sha512-ETaW6245wK23YIEufhMQ3HSeHO7NgsLx8gygBVldRHKhOlD1oNeNy/P67mIh1zPn2Hr2HLieQrt6tWrVwuqrxg==",
      "cpu": [
        "ppc64"
      ],
      "dev": true,
      "optional": true,
      "os": [
        "linux"
      ],
      "engines": {
        "node": ">=12"
      }
    },
    "node_modules/@esbuild/linux-riscv64": {
      "version": "0.19.8",
      "resolved": "https://registry.npmjs.org/@esbuild/linux-riscv64/-/linux-riscv64-0.19.8.tgz",
      "integrity": "sha512-T2DRQk55SgoleTP+DtPlMrxi/5r9AeFgkhkZ/B0ap99zmxtxdOixOMI570VjdRCs9pE4Wdkz7JYrsPvsl7eESg==",
      "cpu": [
        "riscv64"
      ],
      "dev": true,
      "optional": true,
      "os": [
        "linux"
      ],
      "engines": {
        "node": ">=12"
      }
    },
    "node_modules/@esbuild/linux-s390x": {
      "version": "0.19.8",
      "resolved": "https://registry.npmjs.org/@esbuild/linux-s390x/-/linux-s390x-0.19.8.tgz",
      "integrity": "sha512-NPxbdmmo3Bk7mbNeHmcCd7R7fptJaczPYBaELk6NcXxy7HLNyWwCyDJ/Xx+/YcNH7Im5dHdx9gZ5xIwyliQCbg==",
      "cpu": [
        "s390x"
      ],
      "dev": true,
      "optional": true,
      "os": [
        "linux"
      ],
      "engines": {
        "node": ">=12"
      }
    },
    "node_modules/@esbuild/linux-x64": {
      "version": "0.19.8",
      "resolved": "https://registry.npmjs.org/@esbuild/linux-x64/-/linux-x64-0.19.8.tgz",
      "integrity": "sha512-lytMAVOM3b1gPypL2TRmZ5rnXl7+6IIk8uB3eLsV1JwcizuolblXRrc5ShPrO9ls/b+RTp+E6gbsuLWHWi2zGg==",
      "cpu": [
        "x64"
      ],
      "dev": true,
      "optional": true,
      "os": [
        "linux"
      ],
      "engines": {
        "node": ">=12"
      }
    },
    "node_modules/@esbuild/netbsd-x64": {
      "version": "0.19.8",
      "resolved": "https://registry.npmjs.org/@esbuild/netbsd-x64/-/netbsd-x64-0.19.8.tgz",
      "integrity": "sha512-hvWVo2VsXz/8NVt1UhLzxwAfo5sioj92uo0bCfLibB0xlOmimU/DeAEsQILlBQvkhrGjamP0/el5HU76HAitGw==",
      "cpu": [
        "x64"
      ],
      "dev": true,
      "optional": true,
      "os": [
        "netbsd"
      ],
      "engines": {
        "node": ">=12"
      }
    },
    "node_modules/@esbuild/openbsd-x64": {
      "version": "0.19.8",
      "resolved": "https://registry.npmjs.org/@esbuild/openbsd-x64/-/openbsd-x64-0.19.8.tgz",
      "integrity": "sha512-/7Y7u77rdvmGTxR83PgaSvSBJCC2L3Kb1M/+dmSIvRvQPXXCuC97QAwMugBNG0yGcbEGfFBH7ojPzAOxfGNkwQ==",
      "cpu": [
        "x64"
      ],
      "dev": true,
      "optional": true,
      "os": [
        "openbsd"
      ],
      "engines": {
        "node": ">=12"
      }
    },
    "node_modules/@esbuild/sunos-x64": {
      "version": "0.19.8",
      "resolved": "https://registry.npmjs.org/@esbuild/sunos-x64/-/sunos-x64-0.19.8.tgz",
      "integrity": "sha512-9Lc4s7Oi98GqFA4HzA/W2JHIYfnXbUYgekUP/Sm4BG9sfLjyv6GKKHKKVs83SMicBF2JwAX6A1PuOLMqpD001w==",
      "cpu": [
        "x64"
      ],
      "dev": true,
      "optional": true,
      "os": [
        "sunos"
      ],
      "engines": {
        "node": ">=12"
      }
    },
    "node_modules/@esbuild/win32-arm64": {
      "version": "0.19.8",
      "resolved": "https://registry.npmjs.org/@esbuild/win32-arm64/-/win32-arm64-0.19.8.tgz",
      "integrity": "sha512-rq6WzBGjSzihI9deW3fC2Gqiak68+b7qo5/3kmB6Gvbh/NYPA0sJhrnp7wgV4bNwjqM+R2AApXGxMO7ZoGhIJg==",
      "cpu": [
        "arm64"
      ],
      "dev": true,
      "optional": true,
      "os": [
        "win32"
      ],
      "engines": {
        "node": ">=12"
      }
    },
    "node_modules/@esbuild/win32-ia32": {
      "version": "0.19.8",
      "resolved": "https://registry.npmjs.org/@esbuild/win32-ia32/-/win32-ia32-0.19.8.tgz",
      "integrity": "sha512-AIAbverbg5jMvJznYiGhrd3sumfwWs8572mIJL5NQjJa06P8KfCPWZQ0NwZbPQnbQi9OWSZhFVSUWjjIrn4hSw==",
      "cpu": [
        "ia32"
      ],
      "dev": true,
      "optional": true,
      "os": [
        "win32"
      ],
      "engines": {
        "node": ">=12"
      }
    },
    "node_modules/@esbuild/win32-x64": {
      "version": "0.19.8",
      "resolved": "https://registry.npmjs.org/@esbuild/win32-x64/-/win32-x64-0.19.8.tgz",
      "integrity": "sha512-bfZ0cQ1uZs2PqpulNL5j/3w+GDhP36k1K5c38QdQg+Swy51jFZWWeIkteNsufkQxp986wnqRRsb/bHbY1WQ7TA==",
      "cpu": [
        "x64"
      ],
      "dev": true,
      "optional": true,
      "os": [
        "win32"
      ],
      "engines": {
        "node": ">=12"
      }
    },
    "node_modules/@floating-ui/core": {
      "version": "1.5.0",
      "resolved": "https://registry.npmjs.org/@floating-ui/core/-/core-1.5.0.tgz",
      "integrity": "sha512-kK1h4m36DQ0UHGj5Ah4db7R0rHemTqqO0QLvUqi1/mUUp3LuAWbWxdxSIf/XsnH9VS6rRVPLJCncjRzUvyCLXg==",
      "dependencies": {
        "@floating-ui/utils": "^0.1.3"
      }
    },
    "node_modules/@floating-ui/dom": {
      "version": "1.5.3",
      "resolved": "https://registry.npmjs.org/@floating-ui/dom/-/dom-1.5.3.tgz",
      "integrity": "sha512-ClAbQnEqJAKCJOEbbLo5IUlZHkNszqhuxS4fHAVxRPXPya6Ysf2G8KypnYcOTpx6I8xcgF9bbHb6g/2KpbV8qA==",
      "dependencies": {
        "@floating-ui/core": "^1.4.2",
        "@floating-ui/utils": "^0.1.3"
      }
    },
    "node_modules/@floating-ui/utils": {
      "version": "0.1.6",
      "resolved": "https://registry.npmjs.org/@floating-ui/utils/-/utils-0.1.6.tgz",
      "integrity": "sha512-OfX7E2oUDYxtBvsuS4e/jSn4Q9Qb6DzgeYtsAdkPZ47znpoNsMgZw0+tVijiv3uGNR6dgNlty6r9rzIzHjtd/A=="
    },
    "node_modules/@lit-labs/observers": {
      "version": "2.0.2",
      "resolved": "https://registry.npmjs.org/@lit-labs/observers/-/observers-2.0.2.tgz",
      "integrity": "sha512-eZb5+W9Cb0e/Y5m1DNxBSGTvGB2TAVTGMnTxL/IzFhPQEcZIAHewW1eVBhN8W07A5tirRaAmmF6fGL1V20p3gQ==",
      "dependencies": {
        "@lit/reactive-element": "^1.0.0 || ^2.0.0"
      }
    },
    "node_modules/@lit-labs/ssr-dom-shim": {
      "version": "1.1.2",
      "resolved": "https://registry.npmjs.org/@lit-labs/ssr-dom-shim/-/ssr-dom-shim-1.1.2.tgz",
      "integrity": "sha512-jnOD+/+dSrfTWYfSXBXlo5l5f0q1UuJo3tkbMDCYA2lKUYq79jaxqtGEvnRoh049nt1vdo1+45RinipU6FGY2g=="
    },
    "node_modules/@lit/reactive-element": {
      "version": "1.6.3",
      "resolved": "https://registry.npmjs.org/@lit/reactive-element/-/reactive-element-1.6.3.tgz",
      "integrity": "sha512-QuTgnG52Poic7uM1AN5yJ09QMe0O28e10XzSvWDz02TJiiKee4stsiownEIadWm8nYzyDAyT+gKzUoZmiWQtsQ==",
      "dependencies": {
        "@lit-labs/ssr-dom-shim": "^1.0.0"
      }
    },
    "node_modules/@spectrum-web-components/action-button": {
      "version": "0.40.0",
      "resolved": "https://registry.npmjs.org/@spectrum-web-components/action-button/-/action-button-0.40.0.tgz",
      "integrity": "sha512-FEOlSukWJD38Lq/RNxIBQ0Allf4mnVF1B239Ner5Lc9FqtxI4Z6BYKXHvRxZ1/l2XKaMI2c8dLSX3+Q/hW31pA==",
      "dependencies": {
        "@spectrum-web-components/base": "^0.40.0",
        "@spectrum-web-components/button": "^0.40.0",
        "@spectrum-web-components/icon": "^0.40.0",
        "@spectrum-web-components/icons-ui": "^0.40.0",
        "@spectrum-web-components/shared": "^0.40.0"
      }
    },
    "node_modules/@spectrum-web-components/alert-dialog": {
      "version": "0.40.0",
      "resolved": "https://registry.npmjs.org/@spectrum-web-components/alert-dialog/-/alert-dialog-0.40.0.tgz",
      "integrity": "sha512-UBhEzQT6At/2DezZjUXj8lYTNYy3fJF49wEby7QJuNaeZUNZSJvmOt+xpqybWTEYbSxkRPy4a/36Pat3f3DVig==",
      "dependencies": {
        "@lit-labs/observers": "^2.0.0",
        "@spectrum-web-components/base": "^0.40.0",
        "@spectrum-web-components/button": "^0.40.0",
        "@spectrum-web-components/button-group": "^0.40.0",
        "@spectrum-web-components/divider": "^0.40.0",
        "@spectrum-web-components/icons-workflow": "^0.40.0",
        "@spectrum-web-components/shared": "^0.40.0"
      }
    },
    "node_modules/@spectrum-web-components/base": {
      "version": "0.40.1",
      "resolved": "https://registry.npmjs.org/@spectrum-web-components/base/-/base-0.40.1.tgz",
      "integrity": "sha512-k2g+bN8w2KP2NEtM++p/oIQFmYkxhjncmO660wNy/zcCSHqEpIlpbTqnIZ89IYnhe9CkEhhr4IvpsFV/METteg==",
      "dependencies": {
        "lit": "^2.5.0"
      }
    },
    "node_modules/@spectrum-web-components/button": {
      "version": "0.40.0",
      "resolved": "https://registry.npmjs.org/@spectrum-web-components/button/-/button-0.40.0.tgz",
      "integrity": "sha512-LzvQAaGZJ6rbWmj75lrrVmgQphOQnJWvMZlKUGseFbb5GG6QJeVM5jUn+rtN26U1EICjX/0py/7KIu474cLD7g==",
      "dependencies": {
        "@spectrum-web-components/base": "^0.40.0",
        "@spectrum-web-components/clear-button": "^0.40.0",
        "@spectrum-web-components/close-button": "^0.40.0",
        "@spectrum-web-components/icon": "^0.40.0",
        "@spectrum-web-components/icons-ui": "^0.40.0",
        "@spectrum-web-components/shared": "^0.40.0"
      }
    },
    "node_modules/@spectrum-web-components/button-group": {
      "version": "0.40.0",
      "resolved": "https://registry.npmjs.org/@spectrum-web-components/button-group/-/button-group-0.40.0.tgz",
      "integrity": "sha512-WD/uE9jrjMl8FM65xNCKuw5YINMJ2ZaUxcJbp9RBZTJZP2F3KoBA2zD6YP+6/Z+kUNXE+yFe3CCeusuB7aHzXw==",
      "dependencies": {
        "@spectrum-web-components/base": "^0.40.0",
        "@spectrum-web-components/button": "^0.40.0"
      }
    },
    "node_modules/@spectrum-web-components/checkbox": {
      "version": "0.40.0",
      "resolved": "https://registry.npmjs.org/@spectrum-web-components/checkbox/-/checkbox-0.40.0.tgz",
      "integrity": "sha512-G8d7gSWtPUeYvPHI7t4UZJTuVzS3yjXPlfdvdqAiTrAWWA3cD26QG/mgqqCx3tPES/jnT6h9gAvsBUhRH8GQ2w==",
      "dependencies": {
        "@spectrum-web-components/base": "^0.40.0",
        "@spectrum-web-components/icon": "^0.40.0",
        "@spectrum-web-components/icons-ui": "^0.40.0",
        "@spectrum-web-components/shared": "^0.40.0"
      }
    },
    "node_modules/@spectrum-web-components/clear-button": {
      "version": "0.40.0",
      "resolved": "https://registry.npmjs.org/@spectrum-web-components/clear-button/-/clear-button-0.40.0.tgz",
      "integrity": "sha512-upjjA/v0bRGTYUtWwWdHbobygb7vfZRiu4UmRQCVRIUpBwOFHfYN5maz3jjZSDqic5abB7aZUJv0m+8ovC5kVw==",
      "dependencies": {
        "@spectrum-web-components/base": "^0.40.0"
      }
    },
    "node_modules/@spectrum-web-components/close-button": {
      "version": "0.40.0",
      "resolved": "https://registry.npmjs.org/@spectrum-web-components/close-button/-/close-button-0.40.0.tgz",
      "integrity": "sha512-XQ3rwV14OKqSoQb3hz3mUiM2tDXXHx5xyE5MLvoUvmopjup1+G1Ket+xE8/G8JGzMhd96fb+ywRaJEKE/b6Ajg==",
      "dependencies": {
        "@spectrum-web-components/base": "^0.40.0"
      }
    },
    "node_modules/@spectrum-web-components/dialog": {
      "version": "0.40.0",
      "resolved": "https://registry.npmjs.org/@spectrum-web-components/dialog/-/dialog-0.40.0.tgz",
      "integrity": "sha512-0X8azG6rBEBK59qacsxyAbxzQ8XqIAvJGPfUIHcdzjtNADs7TLKgIflP0RMzII5JvcElZA7QxDlSjCMq2glBAg==",
      "dependencies": {
        "@spectrum-web-components/alert-dialog": "^0.40.0",
        "@spectrum-web-components/base": "^0.40.0",
        "@spectrum-web-components/button": "^0.40.0",
        "@spectrum-web-components/button-group": "^0.40.0",
        "@spectrum-web-components/divider": "^0.40.0",
        "@spectrum-web-components/icons-workflow": "^0.40.0",
        "@spectrum-web-components/modal": "^0.40.0",
        "@spectrum-web-components/shared": "^0.40.0",
        "@spectrum-web-components/underlay": "^0.40.0"
      }
    },
    "node_modules/@spectrum-web-components/divider": {
      "version": "0.40.0",
      "resolved": "https://registry.npmjs.org/@spectrum-web-components/divider/-/divider-0.40.0.tgz",
      "integrity": "sha512-awcg0eSN23d5SS72GqslXEubvlHOZh5AgErMuPIWjqdlzZyAZXGykaGMwuyb7OoI5vwloadjW0AQAm3+Rmk1zQ==",
      "dependencies": {
        "@spectrum-web-components/base": "^0.40.0"
      }
    },
    "node_modules/@spectrum-web-components/field-group": {
      "version": "0.40.0",
      "resolved": "https://registry.npmjs.org/@spectrum-web-components/field-group/-/field-group-0.40.0.tgz",
      "integrity": "sha512-7inSgtEiWczR7vJqgaMbckYr7gWU4v9KbH8yW38XJ1NiRDChvVtmzxWMz6Kcut4n4o6bQZdQ9OQJ4OWjayRmTg==",
      "dependencies": {
        "@spectrum-web-components/base": "^0.40.0",
        "@spectrum-web-components/help-text": "^0.40.0"
      }
    },
    "node_modules/@spectrum-web-components/field-label": {
      "version": "0.40.1",
      "resolved": "https://registry.npmjs.org/@spectrum-web-components/field-label/-/field-label-0.40.1.tgz",
      "integrity": "sha512-AXhxH02svccUDCFZ45fmXEIkhAwCy2YlqzCHV1zPVpaxDgyDLPdJadLKakDz0vVi/qVachGbzGNR4yUTGmmM3g==",
      "dependencies": {
        "@spectrum-web-components/base": "^0.40.1",
        "@spectrum-web-components/icon": "^0.40.1",
        "@spectrum-web-components/icons-ui": "^0.40.1",
        "@spectrum-web-components/reactive-controllers": "^0.40.1",
        "@spectrum-web-components/shared": "^0.40.1"
      }
    },
    "node_modules/@spectrum-web-components/help-text": {
      "version": "0.40.0",
      "resolved": "https://registry.npmjs.org/@spectrum-web-components/help-text/-/help-text-0.40.0.tgz",
      "integrity": "sha512-KmPZv05nDwgIu316/+HsP9cDt+K2qep6ysHaIeijTp4mR1OPcc2l52LYBoM2KiFyFPlBfCOi2RNcCyg9vhnwmA==",
      "dependencies": {
        "@spectrum-web-components/base": "^0.40.0",
        "@spectrum-web-components/icons-workflow": "^0.40.0"
      }
    },
    "node_modules/@spectrum-web-components/icon": {
      "version": "0.40.1",
      "resolved": "https://registry.npmjs.org/@spectrum-web-components/icon/-/icon-0.40.1.tgz",
      "integrity": "sha512-qpIN9OJ0Y0wfiATteBlS30kTHZK7j18tIXF9fxTP/iJAw8suAOQN8ysbJRMj7nsA8KbfO37TaCo0eQ3jHdJivg==",
      "dependencies": {
        "@spectrum-web-components/base": "^0.40.1",
        "@spectrum-web-components/iconset": "^0.40.1"
      }
    },
    "node_modules/@spectrum-web-components/icons": {
      "version": "0.40.0",
      "resolved": "https://registry.npmjs.org/@spectrum-web-components/icons/-/icons-0.40.0.tgz",
      "integrity": "sha512-trjX+IbIN9U9uNEN1NaaMgFSL5RxVn7nZTEYq3ZPnEm4UU7ORTjktmvPAoy2UD/Lw9F85lGjtH0qHzCgyki3Pw==",
      "dependencies": {
        "@spectrum-web-components/base": "^0.40.0",
        "@spectrum-web-components/iconset": "^0.40.0"
      }
    },
    "node_modules/@spectrum-web-components/icons-ui": {
      "version": "0.40.1",
      "resolved": "https://registry.npmjs.org/@spectrum-web-components/icons-ui/-/icons-ui-0.40.1.tgz",
      "integrity": "sha512-b8gwA02DiEpfx1ZCx+EVIfdBye4GmkJ5Dav8IVfe2LgGZ8HGEw5evM88jg02M0J8bREqTKxeVe/Z3aD72MvC6Q==",
      "dependencies": {
        "@spectrum-web-components/base": "^0.40.1",
        "@spectrum-web-components/icon": "^0.40.1",
        "@spectrum-web-components/iconset": "^0.40.1"
      }
    },
    "node_modules/@spectrum-web-components/icons-workflow": {
      "version": "0.40.0",
      "resolved": "https://registry.npmjs.org/@spectrum-web-components/icons-workflow/-/icons-workflow-0.40.0.tgz",
      "integrity": "sha512-rTaDnrx9y0fngnMBUF6ap3iUu9Gwb/fLIjSKaf/Zvqlrg6TrXcvBXn0CP2QjUVb/NGc6PADP1FSzlh5sevlfjw==",
      "dependencies": {
        "@spectrum-web-components/base": "^0.40.0",
        "@spectrum-web-components/icon": "^0.40.0"
      }
    },
    "node_modules/@spectrum-web-components/iconset": {
      "version": "0.40.1",
      "resolved": "https://registry.npmjs.org/@spectrum-web-components/iconset/-/iconset-0.40.1.tgz",
      "integrity": "sha512-QGYYTIH/JUmitySxGn+rm3xCMECZRVC2E8AOr49JSRXpAmRWhr8DfSQHaTOSvhBIG9xjSjXrxS24dFBHDL6O8Q==",
      "dependencies": {
        "@spectrum-web-components/base": "^0.40.1"
      }
    },
    "node_modules/@spectrum-web-components/link": {
      "version": "0.40.0",
      "resolved": "https://registry.npmjs.org/@spectrum-web-components/link/-/link-0.40.0.tgz",
      "integrity": "sha512-dM7En5T71Xf6Dxxa6GiRfwl9fTw3AZzqnLpe5Qfy15xcLXHMbvZctawYfxk0X7DQZJUhTV1jN/A9/Uu2lJPwmw==",
      "dependencies": {
        "@spectrum-web-components/base": "^0.40.0",
        "@spectrum-web-components/shared": "^0.40.0"
      }
    },
    "node_modules/@spectrum-web-components/menu": {
      "version": "0.40.0",
      "resolved": "https://registry.npmjs.org/@spectrum-web-components/menu/-/menu-0.40.0.tgz",
      "integrity": "sha512-VrvdxpFOJ34gMhZSfDXWOClkWrP44woCD9cyhPqhauAPwhwzAJGP1vFeeAILki7QG7ynMbxRDK7AXQiFkZwUlQ==",
      "dependencies": {
        "@lit-labs/observers": "^2.0.0",
        "@spectrum-web-components/action-button": "^0.40.0",
        "@spectrum-web-components/base": "^0.40.0",
        "@spectrum-web-components/divider": "^0.40.0",
        "@spectrum-web-components/icon": "^0.40.0",
        "@spectrum-web-components/icons-ui": "^0.40.0",
        "@spectrum-web-components/overlay": "^0.40.0",
        "@spectrum-web-components/popover": "^0.40.0",
        "@spectrum-web-components/shared": "^0.40.0"
      }
    },
    "node_modules/@spectrum-web-components/modal": {
      "version": "0.40.0",
      "resolved": "https://registry.npmjs.org/@spectrum-web-components/modal/-/modal-0.40.0.tgz",
      "integrity": "sha512-S+Pyo5dbkqnDpSsY4qFao7Iq7DpS0u2uI3yPRPh4YQWs6qj5mbZSuSV1tgVQDM5ktIv6528IeaiB9dNBed0tSQ==",
      "dependencies": {
        "@spectrum-web-components/base": "^0.40.0"
      }
    },
    "node_modules/@spectrum-web-components/overlay": {
      "version": "0.40.0",
      "resolved": "https://registry.npmjs.org/@spectrum-web-components/overlay/-/overlay-0.40.0.tgz",
      "integrity": "sha512-koNx0nxFRT9LKz1sKhe7xRcfj+tU46nHiw5tfnzz0ub7jpv0di8MKqjbWhbmiEFz2sfvF00URdW9j1hanDy7nA==",
      "dependencies": {
        "@floating-ui/dom": "^1.5.3",
        "@floating-ui/utils": "^0.1.6",
        "@spectrum-web-components/action-button": "^0.40.0",
        "@spectrum-web-components/base": "^0.40.0",
        "@spectrum-web-components/reactive-controllers": "^0.40.0",
        "@spectrum-web-components/shared": "^0.40.0",
        "@spectrum-web-components/theme": "^0.40.0"
      }
    },
    "node_modules/@spectrum-web-components/popover": {
      "version": "0.40.0",
      "resolved": "https://registry.npmjs.org/@spectrum-web-components/popover/-/popover-0.40.0.tgz",
      "integrity": "sha512-jTTcbW/CKMeU+lVfv4zpsLQB5UcWBcR88U4r6REGnCTo6o60GG0E8GEnE2Ri355BR62v/ANcBPYmwvLoENw0jw==",
      "dependencies": {
        "@spectrum-web-components/base": "^0.40.0",
        "@spectrum-web-components/overlay": "^0.40.0"
      }
    },
    "node_modules/@spectrum-web-components/progress-circle": {
      "version": "0.40.0",
      "resolved": "https://registry.npmjs.org/@spectrum-web-components/progress-circle/-/progress-circle-0.40.0.tgz",
      "integrity": "sha512-Bld64AiY1YGmX/kZM5XBrqaa5xHoTCmGhL+fGveZ+Z5oTBp8QNgJcSufjlzBtADlWUMxwOECiTwLyd0pxShw4g==",
      "dependencies": {
        "@spectrum-web-components/base": "^0.40.0",
        "@spectrum-web-components/shared": "^0.40.0"
      }
    },
    "node_modules/@spectrum-web-components/radio": {
      "version": "0.40.0",
      "resolved": "https://registry.npmjs.org/@spectrum-web-components/radio/-/radio-0.40.0.tgz",
      "integrity": "sha512-11ykgccnHrdThLL9l/xOSRvKrDhTc5OuM3gwWCBoT1KSraYf0fbXVBedndx0m5yRtBLYadaxhaO0OJeEb+u8kg==",
      "dependencies": {
        "@spectrum-web-components/base": "^0.40.0",
        "@spectrum-web-components/field-group": "^0.40.0",
        "@spectrum-web-components/help-text": "^0.40.0",
        "@spectrum-web-components/reactive-controllers": "^0.40.0",
        "@spectrum-web-components/shared": "^0.40.0"
      }
    },
    "node_modules/@spectrum-web-components/reactive-controllers": {
      "version": "0.40.1",
      "resolved": "https://registry.npmjs.org/@spectrum-web-components/reactive-controllers/-/reactive-controllers-0.40.1.tgz",
      "integrity": "sha512-JrOmI7R2MtK65yiGYsgnjv/sQwsbO3/bmYKsL5BidAYK0icHq+a/bRTLQCWR14XuRL4+TKJrz918ugPZvcInJQ==",
      "dependencies": {
        "lit": "^2.5.0"
      }
    },
    "node_modules/@spectrum-web-components/search": {
      "version": "0.40.0",
      "resolved": "https://registry.npmjs.org/@spectrum-web-components/search/-/search-0.40.0.tgz",
      "integrity": "sha512-G4cDHfp3ye2n0Jq4qdFgRNfwRr5Ur2Qcir4AYNoOTsR38hrRNpeswvQR462QM4Yvw1e8j3EM/qjbVfqpGNBYKg==",
      "dependencies": {
        "@spectrum-web-components/base": "^0.40.0",
        "@spectrum-web-components/button": "^0.40.0",
        "@spectrum-web-components/icon": "^0.40.0",
        "@spectrum-web-components/icons-workflow": "^0.40.0",
        "@spectrum-web-components/textfield": "^0.40.0"
      }
    },
    "node_modules/@spectrum-web-components/shared": {
      "version": "0.40.1",
      "resolved": "https://registry.npmjs.org/@spectrum-web-components/shared/-/shared-0.40.1.tgz",
      "integrity": "sha512-6oMg7/B3yP9aEc7kRR9H0gzyHdiJcMuD+BiSmftzUdW1bxgLHYmAr1Miueu13vB5qdLZJYWA6U3FtKm2cLGeyA==",
      "dependencies": {
        "@lit-labs/observers": "^2.0.0",
        "@spectrum-web-components/base": "^0.40.1",
        "focus-visible": "^5.1.0"
      }
    },
    "node_modules/@spectrum-web-components/sidenav": {
      "version": "0.40.0",
      "resolved": "https://registry.npmjs.org/@spectrum-web-components/sidenav/-/sidenav-0.40.0.tgz",
      "integrity": "sha512-yv1LJxrW004V+IaR5gzKubu4gteComBiWL3j3zbulYBe+VF5guEbGEyHrSDrdh5ZlDSgAG+/7cip5s/FYfoREQ==",
      "dependencies": {
        "@spectrum-web-components/base": "^0.40.0",
        "@spectrum-web-components/reactive-controllers": "^0.40.0",
        "@spectrum-web-components/shared": "^0.40.0"
      }
    },
    "node_modules/@spectrum-web-components/styles": {
      "version": "0.40.0",
      "resolved": "https://registry.npmjs.org/@spectrum-web-components/styles/-/styles-0.40.0.tgz",
      "integrity": "sha512-VK2oSPKdhaOxWzkfi5hhDOBxPXUMl2QMqQDZUuHpNSG/LAb6WzsVP6fJBdB9oaYPTq0QH9Zy6ppjIDGyPlWDzQ==",
      "dependencies": {
        "@spectrum-web-components/base": "^0.40.0"
      }
    },
    "node_modules/@spectrum-web-components/textfield": {
      "version": "0.40.0",
      "resolved": "https://registry.npmjs.org/@spectrum-web-components/textfield/-/textfield-0.40.0.tgz",
      "integrity": "sha512-e9P4dEcQlAVafmAKjSm8KTtW+2ujfLjl+/JbvVbXuTD2ypBDLHNyanlIjmBUqDCZdudNyvqO/z4Xh3YXyjrMCw==",
      "dependencies": {
        "@spectrum-web-components/base": "^0.40.0",
        "@spectrum-web-components/help-text": "^0.40.0",
        "@spectrum-web-components/icon": "^0.40.0",
        "@spectrum-web-components/icons-ui": "^0.40.0",
        "@spectrum-web-components/icons-workflow": "^0.40.0",
        "@spectrum-web-components/shared": "^0.40.0"
      }
    },
    "node_modules/@spectrum-web-components/theme": {
      "version": "0.40.0",
      "resolved": "https://registry.npmjs.org/@spectrum-web-components/theme/-/theme-0.40.0.tgz",
      "integrity": "sha512-V+kL3/sNKF02ZGQ1Al26CtPdNAVhlDjLaiU+GRKgtiyF3+sVIh+J/i3NRkbbHsnxCmQ6MTH2EkNxjRS7TKoNeA==",
      "dependencies": {
        "@spectrum-web-components/base": "^0.40.0",
        "@spectrum-web-components/styles": "^0.40.0"
      }
    },
    "node_modules/@spectrum-web-components/tooltip": {
      "version": "0.40.0",
      "resolved": "https://registry.npmjs.org/@spectrum-web-components/tooltip/-/tooltip-0.40.0.tgz",
      "integrity": "sha512-E9mLduS0KY8BwfGc/5tcEAdV+qR8TnrfiliyuQGgaZ5TBeoU2si5e5hNcQcdX0U17sU8xrwIgE43OlDKq9ZN/Q==",
      "dependencies": {
        "@spectrum-web-components/base": "^0.40.0",
        "@spectrum-web-components/overlay": "^0.40.0",
        "@spectrum-web-components/shared": "^0.40.0"
      }
    },
    "node_modules/@spectrum-web-components/tray": {
      "version": "0.40.0",
      "resolved": "https://registry.npmjs.org/@spectrum-web-components/tray/-/tray-0.40.0.tgz",
      "integrity": "sha512-F4hen3sgfnPvhIXEePcEpJe83X0WwfX7xPdaHK3665uIg0Ee0G0QK/CBCDNlOQrwzns8RbeJpiW9/eTm7XlHQg==",
      "dependencies": {
        "@spectrum-web-components/base": "^0.40.0",
        "@spectrum-web-components/modal": "^0.40.0",
        "@spectrum-web-components/reactive-controllers": "^0.40.0",
        "@spectrum-web-components/shared": "^0.40.0",
        "@spectrum-web-components/underlay": "^0.40.0"
      }
    },
    "node_modules/@spectrum-web-components/underlay": {
      "version": "0.40.0",
      "resolved": "https://registry.npmjs.org/@spectrum-web-components/underlay/-/underlay-0.40.0.tgz",
      "integrity": "sha512-ROMoxv7Qrv8vpL1nYnIbdq6IU5Z79eSkoENlceyq92k38pNirZqtMrorh4GChUd3boHCubq9sj32U1obmfTF4g==",
      "dependencies": {
        "@spectrum-web-components/base": "^0.40.0"
      }
    },
    "node_modules/@types/trusted-types": {
      "version": "2.0.7",
      "resolved": "https://registry.npmjs.org/@types/trusted-types/-/trusted-types-2.0.7.tgz",
      "integrity": "sha512-ScaPdn1dQczgbl0QFTeTOmVHFULt394XJgOQNoyVhZ6r2vLnMLJfBPd53SB52T/3G36VI1/g2MZaX0cwDuXsfw=="
    },
    "node_modules/add": {
      "version": "2.0.6",
      "resolved": "https://registry.npmjs.org/add/-/add-2.0.6.tgz",
      "integrity": "sha512-j5QzrmsokwWWp6kUcJQySpbG+xfOBqqKnup3OIk1pz+kB/80SLorZ9V8zHFLO92Lcd+hbvq8bT+zOGoPkmBV0Q=="
    },
    "node_modules/esbuild": {
      "version": "0.19.8",
      "resolved": "https://registry.npmjs.org/esbuild/-/esbuild-0.19.8.tgz",
      "integrity": "sha512-l7iffQpT2OrZfH2rXIp7/FkmaeZM0vxbxN9KfiCwGYuZqzMg/JdvX26R31Zxn/Pxvsrg3Y9N6XTcnknqDyyv4w==",
      "dev": true,
      "hasInstallScript": true,
      "bin": {
        "esbuild": "bin/esbuild"
      },
      "engines": {
        "node": ">=12"
      },
      "optionalDependencies": {
        "@esbuild/android-arm": "0.19.8",
        "@esbuild/android-arm64": "0.19.8",
        "@esbuild/android-x64": "0.19.8",
        "@esbuild/darwin-arm64": "0.19.8",
        "@esbuild/darwin-x64": "0.19.8",
        "@esbuild/freebsd-arm64": "0.19.8",
        "@esbuild/freebsd-x64": "0.19.8",
        "@esbuild/linux-arm": "0.19.8",
        "@esbuild/linux-arm64": "0.19.8",
        "@esbuild/linux-ia32": "0.19.8",
        "@esbuild/linux-loong64": "0.19.8",
        "@esbuild/linux-mips64el": "0.19.8",
        "@esbuild/linux-ppc64": "0.19.8",
        "@esbuild/linux-riscv64": "0.19.8",
        "@esbuild/linux-s390x": "0.19.8",
        "@esbuild/linux-x64": "0.19.8",
        "@esbuild/netbsd-x64": "0.19.8",
        "@esbuild/openbsd-x64": "0.19.8",
        "@esbuild/sunos-x64": "0.19.8",
        "@esbuild/win32-arm64": "0.19.8",
        "@esbuild/win32-ia32": "0.19.8",
        "@esbuild/win32-x64": "0.19.8"
      }
    },
    "node_modules/focus-visible": {
      "version": "5.2.0",
      "resolved": "https://registry.npmjs.org/focus-visible/-/focus-visible-5.2.0.tgz",
      "integrity": "sha512-Rwix9pBtC1Nuy5wysTmKy+UjbDJpIfg8eHjw0rjZ1mX4GNLz1Bmd16uDpI3Gk1i70Fgcs8Csg2lPm8HULFg9DQ=="
    },
    "node_modules/lit": {
      "version": "2.8.0",
      "resolved": "https://registry.npmjs.org/lit/-/lit-2.8.0.tgz",
      "integrity": "sha512-4Sc3OFX9QHOJaHbmTMk28SYgVxLN3ePDjg7hofEft2zWlehFL3LiAuapWc4U/kYwMYJSh2hTCPZ6/LIC7ii0MA==",
      "dependencies": {
        "@lit/reactive-element": "^1.6.0",
        "lit-element": "^3.3.0",
        "lit-html": "^2.8.0"
      }
    },
    "node_modules/lit-element": {
      "version": "3.3.3",
      "resolved": "https://registry.npmjs.org/lit-element/-/lit-element-3.3.3.tgz",
      "integrity": "sha512-XbeRxmTHubXENkV4h8RIPyr8lXc+Ff28rkcQzw3G6up2xg5E8Zu1IgOWIwBLEQsu3cOVFqdYwiVi0hv0SlpqUA==",
      "dependencies": {
        "@lit-labs/ssr-dom-shim": "^1.1.0",
        "@lit/reactive-element": "^1.3.0",
        "lit-html": "^2.8.0"
      }
    },
    "node_modules/lit-html": {
      "version": "2.8.0",
      "resolved": "https://registry.npmjs.org/lit-html/-/lit-html-2.8.0.tgz",
      "integrity": "sha512-o9t+MQM3P4y7M7yNzqAyjp7z+mQGa4NS4CxiyLqFPyFWyc4O+nodLrkrxSaCTrla6M5YOLaT3RpbbqjszB5g3Q==",
      "dependencies": {
        "@types/trusted-types": "^2.0.2"
      }
    }
  }
}
