{
  "name": "milo-spectrum-web-components",
  "version": "0.0.1",
  "lockfileVersion": 3,
  "requires": true,
  "packages": {
    "": {
      "name": "milo-spectrum-web-components",
      "version": "0.0.1",
      "license": "ISC",
      "dependencies": {
        "@spectrum-web-components/alert-dialog": "^0.41.1",
        "@spectrum-web-components/base": "^0.41.1",
        "@spectrum-web-components/button": "^0.41.1",
        "@spectrum-web-components/button-group": "^0.41.1",
        "@spectrum-web-components/checkbox": "^0.41.1",
        "@spectrum-web-components/combobox": "^0.41.1",
        "@spectrum-web-components/dialog": "^0.41.1",
        "@spectrum-web-components/divider": "^0.41.1",
        "@spectrum-web-components/field-label": "^0.41.1",
        "@spectrum-web-components/help-text": "^0.41.1",
        "@spectrum-web-components/icon": "^0.41.1",
        "@spectrum-web-components/icons": "^0.41.1",
        "@spectrum-web-components/icons-ui": "^0.41.1",
        "@spectrum-web-components/icons-workflow": "^0.41.1",
        "@spectrum-web-components/link": "^0.41.1",
        "@spectrum-web-components/menu": "^0.41.1",
        "@spectrum-web-components/modal": "^0.41.1",
        "@spectrum-web-components/overlay": "^0.41.1",
        "@spectrum-web-components/picker": "^0.41.1",
        "@spectrum-web-components/picker-button": "^0.41.1",
        "@spectrum-web-components/popover": "^0.41.1",
        "@spectrum-web-components/progress-circle": "^0.41.1",
        "@spectrum-web-components/radio": "^0.41.1",
        "@spectrum-web-components/reactive-controllers": "^0.41.1",
        "@spectrum-web-components/search": "^0.41.1",
        "@spectrum-web-components/shared": "^0.41.1",
        "@spectrum-web-components/sidenav": "^0.41.1",
        "@spectrum-web-components/textfield": "^0.41.1",
        "@spectrum-web-components/theme": "^0.41.1",
        "@spectrum-web-components/tooltip": "^0.41.1",
        "@spectrum-web-components/tray": "^0.41.1",
        "@spectrum-web-components/underlay": "^0.41.1",
        "add": "^2.0.6",
        "lit": "^2.8.0"
      },
      "devDependencies": {
        "esbuild": "^0.19.8"
      }
    },
    "node_modules/@esbuild/android-arm": {
      "version": "0.19.8",
      "resolved": "https://registry.npmjs.org/@esbuild/android-arm/-/android-arm-0.19.8.tgz",
      "integrity": "sha512-31E2lxlGM1KEfivQl8Yf5aYU/mflz9g06H6S15ITUFQueMFtFjESRMoDSkvMo8thYvLBax+VKTPlpnx+sPicOA==",
      "cpu": [
        "arm"
      ],
      "dev": true,
      "optional": true,
      "os": [
        "android"
      ],
      "engines": {
        "node": ">=12"
      }
    },
    "node_modules/@esbuild/android-arm64": {
      "version": "0.19.8",
      "resolved": "https://registry.npmjs.org/@esbuild/android-arm64/-/android-arm64-0.19.8.tgz",
      "integrity": "sha512-B8JbS61bEunhfx8kasogFENgQfr/dIp+ggYXwTqdbMAgGDhRa3AaPpQMuQU0rNxDLECj6FhDzk1cF9WHMVwrtA==",
      "cpu": [
        "arm64"
      ],
      "dev": true,
      "optional": true,
      "os": [
        "android"
      ],
      "engines": {
        "node": ">=12"
      }
    },
    "node_modules/@esbuild/android-x64": {
      "version": "0.19.8",
      "resolved": "https://registry.npmjs.org/@esbuild/android-x64/-/android-x64-0.19.8.tgz",
      "integrity": "sha512-rdqqYfRIn4jWOp+lzQttYMa2Xar3OK9Yt2fhOhzFXqg0rVWEfSclJvZq5fZslnz6ypHvVf3CT7qyf0A5pM682A==",
      "cpu": [
        "x64"
      ],
      "dev": true,
      "optional": true,
      "os": [
        "android"
      ],
      "engines": {
        "node": ">=12"
      }
    },
    "node_modules/@esbuild/darwin-arm64": {
      "version": "0.19.8",
      "resolved": "https://registry.npmjs.org/@esbuild/darwin-arm64/-/darwin-arm64-0.19.8.tgz",
      "integrity": "sha512-RQw9DemMbIq35Bprbboyf8SmOr4UXsRVxJ97LgB55VKKeJOOdvsIPy0nFyF2l8U+h4PtBx/1kRf0BelOYCiQcw==",
      "cpu": [
        "arm64"
      ],
      "dev": true,
      "optional": true,
      "os": [
        "darwin"
      ],
      "engines": {
        "node": ">=12"
      }
    },
    "node_modules/@esbuild/darwin-x64": {
      "version": "0.19.8",
      "resolved": "https://registry.npmjs.org/@esbuild/darwin-x64/-/darwin-x64-0.19.8.tgz",
      "integrity": "sha512-3sur80OT9YdeZwIVgERAysAbwncom7b4bCI2XKLjMfPymTud7e/oY4y+ci1XVp5TfQp/bppn7xLw1n/oSQY3/Q==",
      "cpu": [
        "x64"
      ],
      "dev": true,
      "optional": true,
      "os": [
        "darwin"
      ],
      "engines": {
        "node": ">=12"
      }
    },
    "node_modules/@esbuild/freebsd-arm64": {
      "version": "0.19.8",
      "resolved": "https://registry.npmjs.org/@esbuild/freebsd-arm64/-/freebsd-arm64-0.19.8.tgz",
      "integrity": "sha512-WAnPJSDattvS/XtPCTj1tPoTxERjcTpH6HsMr6ujTT+X6rylVe8ggxk8pVxzf5U1wh5sPODpawNicF5ta/9Tmw==",
      "cpu": [
        "arm64"
      ],
      "dev": true,
      "optional": true,
      "os": [
        "freebsd"
      ],
      "engines": {
        "node": ">=12"
      }
    },
    "node_modules/@esbuild/freebsd-x64": {
      "version": "0.19.8",
      "resolved": "https://registry.npmjs.org/@esbuild/freebsd-x64/-/freebsd-x64-0.19.8.tgz",
      "integrity": "sha512-ICvZyOplIjmmhjd6mxi+zxSdpPTKFfyPPQMQTK/w+8eNK6WV01AjIztJALDtwNNfFhfZLux0tZLC+U9nSyA5Zg==",
      "cpu": [
        "x64"
      ],
      "dev": true,
      "optional": true,
      "os": [
        "freebsd"
      ],
      "engines": {
        "node": ">=12"
      }
    },
    "node_modules/@esbuild/linux-arm": {
      "version": "0.19.8",
      "resolved": "https://registry.npmjs.org/@esbuild/linux-arm/-/linux-arm-0.19.8.tgz",
      "integrity": "sha512-H4vmI5PYqSvosPaTJuEppU9oz1dq2A7Mr2vyg5TF9Ga+3+MGgBdGzcyBP7qK9MrwFQZlvNyJrvz6GuCaj3OukQ==",
      "cpu": [
        "arm"
      ],
      "dev": true,
      "optional": true,
      "os": [
        "linux"
      ],
      "engines": {
        "node": ">=12"
      }
    },
    "node_modules/@esbuild/linux-arm64": {
      "version": "0.19.8",
      "resolved": "https://registry.npmjs.org/@esbuild/linux-arm64/-/linux-arm64-0.19.8.tgz",
      "integrity": "sha512-z1zMZivxDLHWnyGOctT9JP70h0beY54xDDDJt4VpTX+iwA77IFsE1vCXWmprajJGa+ZYSqkSbRQ4eyLCpCmiCQ==",
      "cpu": [
        "arm64"
      ],
      "dev": true,
      "optional": true,
      "os": [
        "linux"
      ],
      "engines": {
        "node": ">=12"
      }
    },
    "node_modules/@esbuild/linux-ia32": {
      "version": "0.19.8",
      "resolved": "https://registry.npmjs.org/@esbuild/linux-ia32/-/linux-ia32-0.19.8.tgz",
      "integrity": "sha512-1a8suQiFJmZz1khm/rDglOc8lavtzEMRo0v6WhPgxkrjcU0LkHj+TwBrALwoz/OtMExvsqbbMI0ChyelKabSvQ==",
      "cpu": [
        "ia32"
      ],
      "dev": true,
      "optional": true,
      "os": [
        "linux"
      ],
      "engines": {
        "node": ">=12"
      }
    },
    "node_modules/@esbuild/linux-loong64": {
      "version": "0.19.8",
      "resolved": "https://registry.npmjs.org/@esbuild/linux-loong64/-/linux-loong64-0.19.8.tgz",
      "integrity": "sha512-fHZWS2JJxnXt1uYJsDv9+b60WCc2RlvVAy1F76qOLtXRO+H4mjt3Tr6MJ5l7Q78X8KgCFudnTuiQRBhULUyBKQ==",
      "cpu": [
        "loong64"
      ],
      "dev": true,
      "optional": true,
      "os": [
        "linux"
      ],
      "engines": {
        "node": ">=12"
      }
    },
    "node_modules/@esbuild/linux-mips64el": {
      "version": "0.19.8",
      "resolved": "https://registry.npmjs.org/@esbuild/linux-mips64el/-/linux-mips64el-0.19.8.tgz",
      "integrity": "sha512-Wy/z0EL5qZYLX66dVnEg9riiwls5IYnziwuju2oUiuxVc+/edvqXa04qNtbrs0Ukatg5HEzqT94Zs7J207dN5Q==",
      "cpu": [
        "mips64el"
      ],
      "dev": true,
      "optional": true,
      "os": [
        "linux"
      ],
      "engines": {
        "node": ">=12"
      }
    },
    "node_modules/@esbuild/linux-ppc64": {
      "version": "0.19.8",
      "resolved": "https://registry.npmjs.org/@esbuild/linux-ppc64/-/linux-ppc64-0.19.8.tgz",
      "integrity": "sha512-ETaW6245wK23YIEufhMQ3HSeHO7NgsLx8gygBVldRHKhOlD1oNeNy/P67mIh1zPn2Hr2HLieQrt6tWrVwuqrxg==",
      "cpu": [
        "ppc64"
      ],
      "dev": true,
      "optional": true,
      "os": [
        "linux"
      ],
      "engines": {
        "node": ">=12"
      }
    },
    "node_modules/@esbuild/linux-riscv64": {
      "version": "0.19.8",
      "resolved": "https://registry.npmjs.org/@esbuild/linux-riscv64/-/linux-riscv64-0.19.8.tgz",
      "integrity": "sha512-T2DRQk55SgoleTP+DtPlMrxi/5r9AeFgkhkZ/B0ap99zmxtxdOixOMI570VjdRCs9pE4Wdkz7JYrsPvsl7eESg==",
      "cpu": [
        "riscv64"
      ],
      "dev": true,
      "optional": true,
      "os": [
        "linux"
      ],
      "engines": {
        "node": ">=12"
      }
    },
    "node_modules/@esbuild/linux-s390x": {
      "version": "0.19.8",
      "resolved": "https://registry.npmjs.org/@esbuild/linux-s390x/-/linux-s390x-0.19.8.tgz",
      "integrity": "sha512-NPxbdmmo3Bk7mbNeHmcCd7R7fptJaczPYBaELk6NcXxy7HLNyWwCyDJ/Xx+/YcNH7Im5dHdx9gZ5xIwyliQCbg==",
      "cpu": [
        "s390x"
      ],
      "dev": true,
      "optional": true,
      "os": [
        "linux"
      ],
      "engines": {
        "node": ">=12"
      }
    },
    "node_modules/@esbuild/linux-x64": {
      "version": "0.19.8",
      "resolved": "https://registry.npmjs.org/@esbuild/linux-x64/-/linux-x64-0.19.8.tgz",
      "integrity": "sha512-lytMAVOM3b1gPypL2TRmZ5rnXl7+6IIk8uB3eLsV1JwcizuolblXRrc5ShPrO9ls/b+RTp+E6gbsuLWHWi2zGg==",
      "cpu": [
        "x64"
      ],
      "dev": true,
      "optional": true,
      "os": [
        "linux"
      ],
      "engines": {
        "node": ">=12"
      }
    },
    "node_modules/@esbuild/netbsd-x64": {
      "version": "0.19.8",
      "resolved": "https://registry.npmjs.org/@esbuild/netbsd-x64/-/netbsd-x64-0.19.8.tgz",
      "integrity": "sha512-hvWVo2VsXz/8NVt1UhLzxwAfo5sioj92uo0bCfLibB0xlOmimU/DeAEsQILlBQvkhrGjamP0/el5HU76HAitGw==",
      "cpu": [
        "x64"
      ],
      "dev": true,
      "optional": true,
      "os": [
        "netbsd"
      ],
      "engines": {
        "node": ">=12"
      }
    },
    "node_modules/@esbuild/openbsd-x64": {
      "version": "0.19.8",
      "resolved": "https://registry.npmjs.org/@esbuild/openbsd-x64/-/openbsd-x64-0.19.8.tgz",
      "integrity": "sha512-/7Y7u77rdvmGTxR83PgaSvSBJCC2L3Kb1M/+dmSIvRvQPXXCuC97QAwMugBNG0yGcbEGfFBH7ojPzAOxfGNkwQ==",
      "cpu": [
        "x64"
      ],
      "dev": true,
      "optional": true,
      "os": [
        "openbsd"
      ],
      "engines": {
        "node": ">=12"
      }
    },
    "node_modules/@esbuild/sunos-x64": {
      "version": "0.19.8",
      "resolved": "https://registry.npmjs.org/@esbuild/sunos-x64/-/sunos-x64-0.19.8.tgz",
      "integrity": "sha512-9Lc4s7Oi98GqFA4HzA/W2JHIYfnXbUYgekUP/Sm4BG9sfLjyv6GKKHKKVs83SMicBF2JwAX6A1PuOLMqpD001w==",
      "cpu": [
        "x64"
      ],
      "dev": true,
      "optional": true,
      "os": [
        "sunos"
      ],
      "engines": {
        "node": ">=12"
      }
    },
    "node_modules/@esbuild/win32-arm64": {
      "version": "0.19.8",
      "resolved": "https://registry.npmjs.org/@esbuild/win32-arm64/-/win32-arm64-0.19.8.tgz",
      "integrity": "sha512-rq6WzBGjSzihI9deW3fC2Gqiak68+b7qo5/3kmB6Gvbh/NYPA0sJhrnp7wgV4bNwjqM+R2AApXGxMO7ZoGhIJg==",
      "cpu": [
        "arm64"
      ],
      "dev": true,
      "optional": true,
      "os": [
        "win32"
      ],
      "engines": {
        "node": ">=12"
      }
    },
    "node_modules/@esbuild/win32-ia32": {
      "version": "0.19.8",
      "resolved": "https://registry.npmjs.org/@esbuild/win32-ia32/-/win32-ia32-0.19.8.tgz",
      "integrity": "sha512-AIAbverbg5jMvJznYiGhrd3sumfwWs8572mIJL5NQjJa06P8KfCPWZQ0NwZbPQnbQi9OWSZhFVSUWjjIrn4hSw==",
      "cpu": [
        "ia32"
      ],
      "dev": true,
      "optional": true,
      "os": [
        "win32"
      ],
      "engines": {
        "node": ">=12"
      }
    },
    "node_modules/@esbuild/win32-x64": {
      "version": "0.19.8",
      "resolved": "https://registry.npmjs.org/@esbuild/win32-x64/-/win32-x64-0.19.8.tgz",
      "integrity": "sha512-bfZ0cQ1uZs2PqpulNL5j/3w+GDhP36k1K5c38QdQg+Swy51jFZWWeIkteNsufkQxp986wnqRRsb/bHbY1WQ7TA==",
      "cpu": [
        "x64"
      ],
      "dev": true,
      "optional": true,
      "os": [
        "win32"
      ],
      "engines": {
        "node": ">=12"
      }
    },
    "node_modules/@floating-ui/core": {
      "version": "1.6.0",
      "resolved": "https://registry.npmjs.org/@floating-ui/core/-/core-1.6.0.tgz",
      "integrity": "sha512-PcF++MykgmTj3CIyOQbKA/hDzOAiqI3mhuoN44WRCopIs1sgoDoU4oty4Jtqaj/y3oDU6fnVSm4QG0a3t5i0+g==",
      "dependencies": {
        "@floating-ui/utils": "^0.2.1"
      }
    },
    "node_modules/@floating-ui/dom": {
      "version": "1.6.3",
      "resolved": "https://registry.npmjs.org/@floating-ui/dom/-/dom-1.6.3.tgz",
      "integrity": "sha512-RnDthu3mzPlQ31Ss/BTwQ1zjzIhr3lk1gZB1OC56h/1vEtaXkESrOqL5fQVMfXpwGtRwX+YsZBdyHtJMQnkArw==",
      "dependencies": {
        "@floating-ui/core": "^1.0.0",
        "@floating-ui/utils": "^0.2.0"
      }
    },
    "node_modules/@floating-ui/utils": {
      "version": "0.2.1",
      "resolved": "https://registry.npmjs.org/@floating-ui/utils/-/utils-0.2.1.tgz",
      "integrity": "sha512-9TANp6GPoMtYzQdt54kfAyMmz1+osLlXdg2ENroU7zzrtflTLrrC/lgrIfaSe+Wu0b89GKccT7vxXA0MoAIO+Q=="
    },
    "node_modules/@lit-labs/observers": {
      "version": "2.0.2",
      "resolved": "https://registry.npmjs.org/@lit-labs/observers/-/observers-2.0.2.tgz",
      "integrity": "sha512-eZb5+W9Cb0e/Y5m1DNxBSGTvGB2TAVTGMnTxL/IzFhPQEcZIAHewW1eVBhN8W07A5tirRaAmmF6fGL1V20p3gQ==",
      "dependencies": {
        "@lit/reactive-element": "^1.0.0 || ^2.0.0"
      }
    },
    "node_modules/@lit-labs/ssr-dom-shim": {
      "version": "1.1.2",
      "resolved": "https://registry.npmjs.org/@lit-labs/ssr-dom-shim/-/ssr-dom-shim-1.1.2.tgz",
      "integrity": "sha512-jnOD+/+dSrfTWYfSXBXlo5l5f0q1UuJo3tkbMDCYA2lKUYq79jaxqtGEvnRoh049nt1vdo1+45RinipU6FGY2g=="
    },
    "node_modules/@lit/reactive-element": {
      "version": "1.6.3",
      "resolved": "https://registry.npmjs.org/@lit/reactive-element/-/reactive-element-1.6.3.tgz",
      "integrity": "sha512-QuTgnG52Poic7uM1AN5yJ09QMe0O28e10XzSvWDz02TJiiKee4stsiownEIadWm8nYzyDAyT+gKzUoZmiWQtsQ==",
      "dependencies": {
        "@lit-labs/ssr-dom-shim": "^1.0.0"
      }
    },
    "node_modules/@spectrum-web-components/action-button": {
      "version": "0.41.1",
      "resolved": "https://registry.npmjs.org/@spectrum-web-components/action-button/-/action-button-0.41.1.tgz",
      "integrity": "sha512-bEc2TEN0Y02ErXvaBl+Os7CmR9SFyVSuWuo20+l7ZHosRbq7MiyhDmuvKI4rtd2RZN7YBCoNhctxOhQlP+4piQ==",
      "dependencies": {
        "@spectrum-web-components/base": "^0.41.1",
        "@spectrum-web-components/button": "^0.41.1",
        "@spectrum-web-components/icon": "^0.41.1",
        "@spectrum-web-components/icons-ui": "^0.41.1",
        "@spectrum-web-components/shared": "^0.41.1"
      }
    },
    "node_modules/@spectrum-web-components/alert-dialog": {
      "version": "0.41.1",
      "resolved": "https://registry.npmjs.org/@spectrum-web-components/alert-dialog/-/alert-dialog-0.41.1.tgz",
      "integrity": "sha512-FizkUow5JVhcmz9WAhNpUqU0QA407xMNoWPhu7CaJTuSbFaXYLC2Q1+Yc6DZtnK+6u2O44EnpVLQDxbdj49R6w==",
      "dependencies": {
        "@lit-labs/observers": "^2.0.0",
        "@spectrum-web-components/base": "^0.41.1",
        "@spectrum-web-components/button": "^0.41.1",
        "@spectrum-web-components/button-group": "^0.41.1",
        "@spectrum-web-components/divider": "^0.41.1",
        "@spectrum-web-components/icons-workflow": "^0.41.1",
        "@spectrum-web-components/shared": "^0.41.1"
      }
    },
    "node_modules/@spectrum-web-components/base": {
      "version": "0.41.1",
      "resolved": "https://registry.npmjs.org/@spectrum-web-components/base/-/base-0.41.1.tgz",
      "integrity": "sha512-4sDc+4KJTKIq7M1KmSWTWuNzvPbqwn0rlwqXESx56lEiUwlee4WFdri33GDre+PWgFA2h6Lr4x3tEPwSG514EQ==",
      "dependencies": {
        "lit": "^2.5.0"
      }
    },
    "node_modules/@spectrum-web-components/button": {
      "version": "0.41.1",
      "resolved": "https://registry.npmjs.org/@spectrum-web-components/button/-/button-0.41.1.tgz",
      "integrity": "sha512-pMuESd0wnL4GMQBCinw5uNTSZNaxIxt8PgCsyUpNTCGyf/sV/kzT/GSQvDeKyXMj2Q5pgoehVMg6hCnFkwGx4Q==",
      "dependencies": {
        "@spectrum-web-components/base": "^0.41.1",
        "@spectrum-web-components/clear-button": "^0.41.1",
        "@spectrum-web-components/close-button": "^0.41.1",
        "@spectrum-web-components/icon": "^0.41.1",
        "@spectrum-web-components/icons-ui": "^0.41.1",
        "@spectrum-web-components/shared": "^0.41.1"
      }
    },
    "node_modules/@spectrum-web-components/button-group": {
      "version": "0.41.1",
      "resolved": "https://registry.npmjs.org/@spectrum-web-components/button-group/-/button-group-0.41.1.tgz",
      "integrity": "sha512-eotJ1P1nLyn3oPby86LgOngl6eeJ1+i4nYBTNzvBLthmXFidngrYU5HiVPHrZfXZuHwdy/VrXv8XlKDmh256Rg==",
      "dependencies": {
        "@spectrum-web-components/base": "^0.41.1",
        "@spectrum-web-components/button": "^0.41.1"
      }
    },
    "node_modules/@spectrum-web-components/checkbox": {
      "version": "0.41.1",
      "resolved": "https://registry.npmjs.org/@spectrum-web-components/checkbox/-/checkbox-0.41.1.tgz",
      "integrity": "sha512-bbzayVgoYRnceESfO7uZUxOdGiemA9bPM0fMCCwpwhIwnwfs+IE+sieVXO28PwhAA5+jJyUsgCdGMH2kgtvaGw==",
      "dependencies": {
        "@spectrum-web-components/base": "^0.41.1",
        "@spectrum-web-components/icon": "^0.41.1",
        "@spectrum-web-components/icons-ui": "^0.41.1",
        "@spectrum-web-components/shared": "^0.41.1"
      }
    },
    "node_modules/@spectrum-web-components/clear-button": {
      "version": "0.41.1",
      "resolved": "https://registry.npmjs.org/@spectrum-web-components/clear-button/-/clear-button-0.41.1.tgz",
      "integrity": "sha512-iFhdfJy359GuwEa+iZHPJAfqqH2hUDFlYj/ffDpNHeT01H6XRR4EDZoBLlYhMC6YqLtSyKYJc7jQ0VbuzYRCkg==",
      "dependencies": {
        "@spectrum-web-components/base": "^0.41.1"
      }
    },
    "node_modules/@spectrum-web-components/close-button": {
      "version": "0.41.1",
      "resolved": "https://registry.npmjs.org/@spectrum-web-components/close-button/-/close-button-0.41.1.tgz",
      "integrity": "sha512-94hqr/iOV/p54QUNjULmPBIU63WKW0G7Mcck6BzubmLS02sZjzRr/z//DrOAqirlHXad8qfPkEz2RH7tQUmDZw==",
      "dependencies": {
        "@spectrum-web-components/base": "^0.41.1"
      }
    },
    "node_modules/@spectrum-web-components/combobox": {
      "version": "0.41.1",
      "resolved": "https://registry.npmjs.org/@spectrum-web-components/combobox/-/combobox-0.41.1.tgz",
      "integrity": "sha512-Rj0EKJmDm6BNXrEndn+Un5m/SsNXgb5DSSBodpUDiAR9r8v4MzSvu0S/+yf22MoaI6lNv+FPWC0j6NkAkwg3Xg==",
      "dependencies": {
        "@spectrum-web-components/action-button": "^0.41.1",
        "@spectrum-web-components/base": "^0.41.1",
        "@spectrum-web-components/icon": "^0.41.1",
        "@spectrum-web-components/icons-ui": "^0.41.1",
        "@spectrum-web-components/menu": "^0.41.1",
        "@spectrum-web-components/overlay": "^0.41.1",
        "@spectrum-web-components/picker-button": "^0.41.1",
        "@spectrum-web-components/popover": "^0.41.1",
        "@spectrum-web-components/textfield": "^0.41.1"
      }
    },
    "node_modules/@spectrum-web-components/dialog": {
      "version": "0.41.1",
      "resolved": "https://registry.npmjs.org/@spectrum-web-components/dialog/-/dialog-0.41.1.tgz",
      "integrity": "sha512-0xffCcb0PhxCid1TpEMNLoaWbE8HW/jil94XJ/q/Sx686r/jl6kupPImXQXbIE8kxcuWCopn1bJRvoy4OSnEVg==",
      "dependencies": {
        "@spectrum-web-components/alert-dialog": "^0.41.1",
        "@spectrum-web-components/base": "^0.41.1",
        "@spectrum-web-components/button": "^0.41.1",
        "@spectrum-web-components/button-group": "^0.41.1",
        "@spectrum-web-components/divider": "^0.41.1",
        "@spectrum-web-components/icons-workflow": "^0.41.1",
        "@spectrum-web-components/modal": "^0.41.1",
        "@spectrum-web-components/shared": "^0.41.1",
        "@spectrum-web-components/underlay": "^0.41.1"
      }
    },
    "node_modules/@spectrum-web-components/divider": {
      "version": "0.41.1",
      "resolved": "https://registry.npmjs.org/@spectrum-web-components/divider/-/divider-0.41.1.tgz",
      "integrity": "sha512-SNVKqQhA00NqKXTnpc3AnKxEOH4GCMk+SH+P6Dzn5/3WF+wDJsGAmooBT2bXsoXlXB9zjM+cKhi/hBRLApnEvw==",
      "dependencies": {
        "@spectrum-web-components/base": "^0.41.1"
      }
    },
    "node_modules/@spectrum-web-components/field-group": {
      "version": "0.41.1",
      "resolved": "https://registry.npmjs.org/@spectrum-web-components/field-group/-/field-group-0.41.1.tgz",
      "integrity": "sha512-PfCrAz9W9oCMHSad6OLMkdJpJUlbB3Dnakdt8XYf0sreGuJCcgmfRGX1/3toLT4lQnjPdQkpETP8CIYIwrs7Qg==",
      "dependencies": {
        "@spectrum-web-components/base": "^0.41.1",
        "@spectrum-web-components/help-text": "^0.41.1"
      }
    },
    "node_modules/@spectrum-web-components/field-label": {
      "version": "0.41.1",
      "resolved": "https://registry.npmjs.org/@spectrum-web-components/field-label/-/field-label-0.41.1.tgz",
      "integrity": "sha512-arwKwqCnX1htqyOTM8SUVfU/WVmt4kZBop7EklpC8kLeqoxhqgLL5spuJ2gZ43qQeh1lsci4Q+rsAj6qC4H98A==",
      "dependencies": {
        "@spectrum-web-components/base": "^0.41.1",
        "@spectrum-web-components/icon": "^0.41.1",
        "@spectrum-web-components/icons-ui": "^0.41.1",
        "@spectrum-web-components/reactive-controllers": "^0.41.1",
        "@spectrum-web-components/shared": "^0.41.1"
      }
    },
    "node_modules/@spectrum-web-components/help-text": {
      "version": "0.41.1",
      "resolved": "https://registry.npmjs.org/@spectrum-web-components/help-text/-/help-text-0.41.1.tgz",
      "integrity": "sha512-1Q7KxjNtRt5y6t+xwKoI4az/He3gTznCPm0V/kcinapnX3LoTObbsOblSRN2LvyZri+8eanHR3nfxrSL92vWWQ==",
      "dependencies": {
        "@spectrum-web-components/base": "^0.41.1",
        "@spectrum-web-components/icons-workflow": "^0.41.1"
      }
    },
    "node_modules/@spectrum-web-components/icon": {
      "version": "0.41.1",
      "resolved": "https://registry.npmjs.org/@spectrum-web-components/icon/-/icon-0.41.1.tgz",
      "integrity": "sha512-tyzgAeqAxAi6E0pgK7sKdBaCMkn4nwnDRVUDyKnnsFXRX42CN1f/dhY8PPJMjbzc/9ZgPwlCtX0eezpXsI75Yw==",
      "dependencies": {
        "@spectrum-web-components/base": "^0.41.1",
        "@spectrum-web-components/iconset": "^0.41.1"
      }
    },
    "node_modules/@spectrum-web-components/icons": {
      "version": "0.41.1",
      "resolved": "https://registry.npmjs.org/@spectrum-web-components/icons/-/icons-0.41.1.tgz",
      "integrity": "sha512-GfZZ6YrKHr/L7r5zN724JlqUtPIWMK/gbgM9T6mue2grFisJTvJ0E3d88x1pdTUN9Q2kS6dnQXidmsllWwOfkw==",
      "dependencies": {
        "@spectrum-web-components/base": "^0.41.1",
        "@spectrum-web-components/iconset": "^0.41.1"
      }
    },
    "node_modules/@spectrum-web-components/icons-ui": {
      "version": "0.41.1",
      "resolved": "https://registry.npmjs.org/@spectrum-web-components/icons-ui/-/icons-ui-0.41.1.tgz",
      "integrity": "sha512-fxxfox0+beZcwPA2DbMjISkkZh3FHJjnQEK3lSXHafJ7XZssgtUVzmCRi1oRjKQYFV5etmW9j+yxoQRQ+fldlQ==",
      "dependencies": {
        "@spectrum-web-components/base": "^0.41.1",
        "@spectrum-web-components/icon": "^0.41.1",
        "@spectrum-web-components/iconset": "^0.41.1"
      }
    },
    "node_modules/@spectrum-web-components/icons-workflow": {
      "version": "0.41.1",
      "resolved": "https://registry.npmjs.org/@spectrum-web-components/icons-workflow/-/icons-workflow-0.41.1.tgz",
      "integrity": "sha512-lxOKX4d0MujIkAHYaHL4swB5ml/RKdZy+rqmAtVYJUZOZldhy5XX0rC+BEPy8d5d9Aj/VlXXAlB5uKDvuDnF4Q==",
      "dependencies": {
        "@spectrum-web-components/base": "^0.41.1",
        "@spectrum-web-components/icon": "^0.41.1"
      }
    },
    "node_modules/@spectrum-web-components/iconset": {
      "version": "0.41.1",
      "resolved": "https://registry.npmjs.org/@spectrum-web-components/iconset/-/iconset-0.41.1.tgz",
      "integrity": "sha512-pE5rbNryaYYo/ojUCVRxhVDpVTqhwHqMJCu9DHpcu9Cch+2p50WDiGB+cuk+DXmL5be5KMGSW9B6LaRu15vtXw==",
      "dependencies": {
        "@spectrum-web-components/base": "^0.41.1"
      }
    },
    "node_modules/@spectrum-web-components/link": {
      "version": "0.41.1",
      "resolved": "https://registry.npmjs.org/@spectrum-web-components/link/-/link-0.41.1.tgz",
      "integrity": "sha512-jjF0Q1xBZviXYPuyfWSnY8HMDOME77ShOdx2S/1Gt/TWNcwuScD0gj1ObHOUZPoH8SjY8T62zD93gJz2W8u66A==",
      "dependencies": {
        "@spectrum-web-components/base": "^0.41.1",
        "@spectrum-web-components/shared": "^0.41.1"
      }
    },
    "node_modules/@spectrum-web-components/menu": {
      "version": "0.41.1",
      "resolved": "https://registry.npmjs.org/@spectrum-web-components/menu/-/menu-0.41.1.tgz",
      "integrity": "sha512-tjNaE3gLrgchFIEjmNxERJC6TgEKhZv4TRxcGVRZlXZDKho+Ju7EMwIfzfoVAMtPN74CQzJrvFUY3QuuQsOgjQ==",
      "dependencies": {
        "@lit-labs/observers": "^2.0.0",
        "@spectrum-web-components/action-button": "^0.41.1",
        "@spectrum-web-components/base": "^0.41.1",
        "@spectrum-web-components/divider": "^0.41.1",
        "@spectrum-web-components/icon": "^0.41.1",
        "@spectrum-web-components/icons-ui": "^0.41.1",
        "@spectrum-web-components/overlay": "^0.41.1",
        "@spectrum-web-components/popover": "^0.41.1",
        "@spectrum-web-components/shared": "^0.41.1"
      }
    },
    "node_modules/@spectrum-web-components/modal": {
      "version": "0.41.1",
      "resolved": "https://registry.npmjs.org/@spectrum-web-components/modal/-/modal-0.41.1.tgz",
      "integrity": "sha512-Tjwcqx+DlLkx4E3W/CckGpX9p9pB7Ks6M+eOihSNaFn19TtTRCXICbUpSvfKdCQ2wmTS2DAV1y9pcPQoAyinXw==",
      "dependencies": {
        "@spectrum-web-components/base": "^0.41.1"
      }
    },
    "node_modules/@spectrum-web-components/overlay": {
      "version": "0.41.1",
      "resolved": "https://registry.npmjs.org/@spectrum-web-components/overlay/-/overlay-0.41.1.tgz",
      "integrity": "sha512-hBtP6my3Dd9gHLDsEeImSbX8DetDaLhwfFtDl41V6d7UeYMU7ysdrqI2HQ3wcS8hXLLQ5SLXnWdL4VVCUY8RhQ==",
      "dependencies": {
        "@floating-ui/dom": "^1.6.1",
        "@floating-ui/utils": "^0.2.1",
        "@spectrum-web-components/action-button": "^0.41.1",
        "@spectrum-web-components/base": "^0.41.1",
        "@spectrum-web-components/reactive-controllers": "^0.41.1",
        "@spectrum-web-components/shared": "^0.41.1",
        "@spectrum-web-components/theme": "^0.41.1"
      }
    },
    "node_modules/@spectrum-web-components/picker": {
      "version": "0.41.1",
      "resolved": "https://registry.npmjs.org/@spectrum-web-components/picker/-/picker-0.41.1.tgz",
      "integrity": "sha512-7JRF7QASLn6oO0NxwtScBrgKzjtybp4cRhZ9w5Za0xvSIMrCKDPszMr8/2w1WaHMiKvGk1I98HjhLX+qPBlsfA==",
      "dependencies": {
        "@spectrum-web-components/base": "^0.41.1",
        "@spectrum-web-components/button": "^0.41.1",
        "@spectrum-web-components/icon": "^0.41.1",
        "@spectrum-web-components/icons-ui": "^0.41.1",
        "@spectrum-web-components/icons-workflow": "^0.41.1",
        "@spectrum-web-components/menu": "^0.41.1",
        "@spectrum-web-components/overlay": "^0.41.1",
        "@spectrum-web-components/popover": "^0.41.1",
        "@spectrum-web-components/reactive-controllers": "^0.41.1",
        "@spectrum-web-components/shared": "^0.41.1",
        "@spectrum-web-components/tooltip": "^0.41.1",
        "@spectrum-web-components/tray": "^0.41.1"
      }
    },
    "node_modules/@spectrum-web-components/picker-button": {
      "version": "0.41.1",
      "resolved": "https://registry.npmjs.org/@spectrum-web-components/picker-button/-/picker-button-0.41.1.tgz",
      "integrity": "sha512-zjpqwL5+2vj32lPWy5SUTGTUG458+/iiQf7BjTNOq1D8y0Jg5etQyuXn1Xyy2ZpoS2JRGBrfi9iAR8FisBR+SQ==",
      "dependencies": {
        "@spectrum-web-components/base": "^0.41.1",
        "@spectrum-web-components/button": "^0.41.1",
        "@spectrum-web-components/icon": "^0.41.1",
        "@spectrum-web-components/icons-ui": "^0.41.1",
        "@spectrum-web-components/shared": "^0.41.1"
      }
    },
    "node_modules/@spectrum-web-components/popover": {
      "version": "0.41.1",
      "resolved": "https://registry.npmjs.org/@spectrum-web-components/popover/-/popover-0.41.1.tgz",
      "integrity": "sha512-DyduyQKxTlO2Atj8EKk5V4enJcOw1cQWlcBH4HmxkkaSYoEkAKfMlABwywMVsiH8BQoZMCs+2LajtmudkBBKvg==",
      "dependencies": {
        "@spectrum-web-components/base": "^0.41.1",
        "@spectrum-web-components/overlay": "^0.41.1"
      }
    },
    "node_modules/@spectrum-web-components/progress-circle": {
      "version": "0.41.1",
      "resolved": "https://registry.npmjs.org/@spectrum-web-components/progress-circle/-/progress-circle-0.41.1.tgz",
      "integrity": "sha512-Fi9Ff6fUOm3TjYrhVys1quuzx4hKSA1pSl9I3bxt9LxqGsxMtaqxQWbaefJDBrwkWd2yhGLr/YN5XCD1D4DJpQ==",
      "dependencies": {
        "@spectrum-web-components/base": "^0.41.1",
        "@spectrum-web-components/shared": "^0.41.1"
      }
    },
    "node_modules/@spectrum-web-components/radio": {
      "version": "0.41.1",
      "resolved": "https://registry.npmjs.org/@spectrum-web-components/radio/-/radio-0.41.1.tgz",
      "integrity": "sha512-1Nty8Q9O6jgYtWZgfWpfL/a1easg9tX7Ut4x7a1Mg+h9UFJxOGG8bgaR8Hy4TNC+pEUys/cHZQngAtE4OsIYnw==",
      "dependencies": {
        "@spectrum-web-components/base": "^0.41.1",
        "@spectrum-web-components/field-group": "^0.41.1",
        "@spectrum-web-components/help-text": "^0.41.1",
        "@spectrum-web-components/reactive-controllers": "^0.41.1",
        "@spectrum-web-components/shared": "^0.41.1"
      }
    },
    "node_modules/@spectrum-web-components/reactive-controllers": {
      "version": "0.41.1",
      "resolved": "https://registry.npmjs.org/@spectrum-web-components/reactive-controllers/-/reactive-controllers-0.41.1.tgz",
      "integrity": "sha512-cBMDndiD4sWZ3WVm/R5Dx/xtHbtRdqtgLmhBhMybCp0gimmRdGD0PEHEQoRZUjuEyplb0hquRg+kpV3O6pOs4g==",
      "dependencies": {
        "lit": "^2.5.0"
      }
    },
    "node_modules/@spectrum-web-components/search": {
      "version": "0.41.1",
      "resolved": "https://registry.npmjs.org/@spectrum-web-components/search/-/search-0.41.1.tgz",
      "integrity": "sha512-1Wjg8/mOH58OLeH1UAoZRviisqUROjZ+gwyVOF8kojaq+UxbrvPis6P5LgYGKrApkO4xlfS8IaPBaXLjcJTEFQ==",
      "dependencies": {
        "@spectrum-web-components/base": "^0.41.1",
        "@spectrum-web-components/button": "^0.41.1",
        "@spectrum-web-components/icon": "^0.41.1",
        "@spectrum-web-components/icons-workflow": "^0.41.1",
        "@spectrum-web-components/textfield": "^0.41.1"
      }
    },
    "node_modules/@spectrum-web-components/shared": {
      "version": "0.41.1",
      "resolved": "https://registry.npmjs.org/@spectrum-web-components/shared/-/shared-0.41.1.tgz",
      "integrity": "sha512-PEXLL641wsNFaMhS01R6ATfpgBd4M8Wf4ov1mjhUXu63ucmVPAblFnOVY0NzNn0/b83V9Ot0uAkLQ5bjj1cL7g==",
      "dependencies": {
        "@lit-labs/observers": "^2.0.0",
        "@spectrum-web-components/base": "^0.41.1",
        "focus-visible": "^5.1.0"
      }
    },
    "node_modules/@spectrum-web-components/sidenav": {
      "version": "0.41.1",
      "resolved": "https://registry.npmjs.org/@spectrum-web-components/sidenav/-/sidenav-0.41.1.tgz",
      "integrity": "sha512-dANqPVS/ZQ5l665jsQQ2puUD0CaKhIxsUXGG87rg/fyUMHSFc+0T2ea51gFcRZoAsc2JFXojM8LJ+X/eewj56A==",
      "dependencies": {
        "@spectrum-web-components/base": "^0.41.1",
        "@spectrum-web-components/reactive-controllers": "^0.41.1",
        "@spectrum-web-components/shared": "^0.41.1"
      }
    },
    "node_modules/@spectrum-web-components/styles": {
      "version": "0.41.1",
      "resolved": "https://registry.npmjs.org/@spectrum-web-components/styles/-/styles-0.41.1.tgz",
      "integrity": "sha512-xWFjU2h777bsbV/iiowf6tgm1/BCuV/ML+YTbcbVf4ADBRKAayEAnNjZoxpb0OFV5D9IicIVeK7/lnZ1GInxRQ==",
      "dependencies": {
        "@spectrum-web-components/base": "^0.41.1"
      }
    },
    "node_modules/@spectrum-web-components/textfield": {
      "version": "0.41.1",
      "resolved": "https://registry.npmjs.org/@spectrum-web-components/textfield/-/textfield-0.41.1.tgz",
      "integrity": "sha512-ItWcSOfndI3jplAVOGMQQMFwQHvThy3u70JtHAZQ41hDZzJjfJZjjC7UzCSCs+cNhzNifw+7vq7a7FD+h6mVXg==",
      "dependencies": {
        "@spectrum-web-components/base": "^0.41.1",
        "@spectrum-web-components/help-text": "^0.41.1",
        "@spectrum-web-components/icon": "^0.41.1",
        "@spectrum-web-components/icons-ui": "^0.41.1",
        "@spectrum-web-components/icons-workflow": "^0.41.1",
        "@spectrum-web-components/shared": "^0.41.1"
      }
    },
    "node_modules/@spectrum-web-components/theme": {
      "version": "0.41.1",
      "resolved": "https://registry.npmjs.org/@spectrum-web-components/theme/-/theme-0.41.1.tgz",
      "integrity": "sha512-y5x/faBid2KveJWVo0O5LXJV6oJ2kBamJtHw+s92dq6vpk1W2bdH4VjRs5jLGkoRxFpw5dL0yOHz8Zo9F/Kzbg==",
      "dependencies": {
        "@spectrum-web-components/base": "^0.41.1",
        "@spectrum-web-components/styles": "^0.41.1"
      }
    },
    "node_modules/@spectrum-web-components/tooltip": {
      "version": "0.41.1",
      "resolved": "https://registry.npmjs.org/@spectrum-web-components/tooltip/-/tooltip-0.41.1.tgz",
      "integrity": "sha512-lwqGD5jsnSn1N9ClYuyc1S9YmcyktSfjTQSJaFmWp3c6z5QyOFRhW71nmtqvKOsnrMyvFTTVeA1C2R9aTXygHg==",
      "dependencies": {
        "@spectrum-web-components/base": "^0.41.1",
        "@spectrum-web-components/overlay": "^0.41.1",
        "@spectrum-web-components/shared": "^0.41.1"
      }
    },
    "node_modules/@spectrum-web-components/tray": {
      "version": "0.41.1",
      "resolved": "https://registry.npmjs.org/@spectrum-web-components/tray/-/tray-0.41.1.tgz",
      "integrity": "sha512-887Esi+vD8s/SyIRHU+FLiRyWDaNRG3TAxSitfJOc70vCsZGH5hO9gF0+abEd3s8wDvis6PcXf+pBBGP2R+ujA==",
      "dependencies": {
        "@spectrum-web-components/base": "^0.41.1",
        "@spectrum-web-components/modal": "^0.41.1",
        "@spectrum-web-components/reactive-controllers": "^0.41.1",
        "@spectrum-web-components/shared": "^0.41.1",
        "@spectrum-web-components/underlay": "^0.41.1"
      }
    },
    "node_modules/@spectrum-web-components/underlay": {
      "version": "0.41.1",
      "resolved": "https://registry.npmjs.org/@spectrum-web-components/underlay/-/underlay-0.41.1.tgz",
      "integrity": "sha512-f7Vgj7/IetnsSuYie1LbMYs0zmGh/Z5MpiQ9SQHCM514hNvEa8QW+HzPvTO9E8eEMdxt7t6hVc00d+BxL9rS/w==",
      "dependencies": {
        "@spectrum-web-components/base": "^0.41.1"
      }
    },
    "node_modules/@types/trusted-types": {
      "version": "2.0.7",
      "resolved": "https://registry.npmjs.org/@types/trusted-types/-/trusted-types-2.0.7.tgz",
      "integrity": "sha512-ScaPdn1dQczgbl0QFTeTOmVHFULt394XJgOQNoyVhZ6r2vLnMLJfBPd53SB52T/3G36VI1/g2MZaX0cwDuXsfw=="
    },
    "node_modules/add": {
      "version": "2.0.6",
      "resolved": "https://registry.npmjs.org/add/-/add-2.0.6.tgz",
      "integrity": "sha512-j5QzrmsokwWWp6kUcJQySpbG+xfOBqqKnup3OIk1pz+kB/80SLorZ9V8zHFLO92Lcd+hbvq8bT+zOGoPkmBV0Q=="
    },
    "node_modules/esbuild": {
      "version": "0.19.8",
      "resolved": "https://registry.npmjs.org/esbuild/-/esbuild-0.19.8.tgz",
      "integrity": "sha512-l7iffQpT2OrZfH2rXIp7/FkmaeZM0vxbxN9KfiCwGYuZqzMg/JdvX26R31Zxn/Pxvsrg3Y9N6XTcnknqDyyv4w==",
      "dev": true,
      "hasInstallScript": true,
      "bin": {
        "esbuild": "bin/esbuild"
      },
      "engines": {
        "node": ">=12"
      },
      "optionalDependencies": {
        "@esbuild/android-arm": "0.19.8",
        "@esbuild/android-arm64": "0.19.8",
        "@esbuild/android-x64": "0.19.8",
        "@esbuild/darwin-arm64": "0.19.8",
        "@esbuild/darwin-x64": "0.19.8",
        "@esbuild/freebsd-arm64": "0.19.8",
        "@esbuild/freebsd-x64": "0.19.8",
        "@esbuild/linux-arm": "0.19.8",
        "@esbuild/linux-arm64": "0.19.8",
        "@esbuild/linux-ia32": "0.19.8",
        "@esbuild/linux-loong64": "0.19.8",
        "@esbuild/linux-mips64el": "0.19.8",
        "@esbuild/linux-ppc64": "0.19.8",
        "@esbuild/linux-riscv64": "0.19.8",
        "@esbuild/linux-s390x": "0.19.8",
        "@esbuild/linux-x64": "0.19.8",
        "@esbuild/netbsd-x64": "0.19.8",
        "@esbuild/openbsd-x64": "0.19.8",
        "@esbuild/sunos-x64": "0.19.8",
        "@esbuild/win32-arm64": "0.19.8",
        "@esbuild/win32-ia32": "0.19.8",
        "@esbuild/win32-x64": "0.19.8"
      }
    },
    "node_modules/focus-visible": {
      "version": "5.2.0",
      "resolved": "https://registry.npmjs.org/focus-visible/-/focus-visible-5.2.0.tgz",
      "integrity": "sha512-Rwix9pBtC1Nuy5wysTmKy+UjbDJpIfg8eHjw0rjZ1mX4GNLz1Bmd16uDpI3Gk1i70Fgcs8Csg2lPm8HULFg9DQ=="
    },
    "node_modules/lit": {
      "version": "2.8.0",
      "resolved": "https://registry.npmjs.org/lit/-/lit-2.8.0.tgz",
      "integrity": "sha512-4Sc3OFX9QHOJaHbmTMk28SYgVxLN3ePDjg7hofEft2zWlehFL3LiAuapWc4U/kYwMYJSh2hTCPZ6/LIC7ii0MA==",
      "dependencies": {
        "@lit/reactive-element": "^1.6.0",
        "lit-element": "^3.3.0",
        "lit-html": "^2.8.0"
      }
    },
    "node_modules/lit-element": {
      "version": "3.3.3",
      "resolved": "https://registry.npmjs.org/lit-element/-/lit-element-3.3.3.tgz",
      "integrity": "sha512-XbeRxmTHubXENkV4h8RIPyr8lXc+Ff28rkcQzw3G6up2xg5E8Zu1IgOWIwBLEQsu3cOVFqdYwiVi0hv0SlpqUA==",
      "dependencies": {
        "@lit-labs/ssr-dom-shim": "^1.1.0",
        "@lit/reactive-element": "^1.3.0",
        "lit-html": "^2.8.0"
      }
    },
    "node_modules/lit-html": {
      "version": "2.8.0",
      "resolved": "https://registry.npmjs.org/lit-html/-/lit-html-2.8.0.tgz",
      "integrity": "sha512-o9t+MQM3P4y7M7yNzqAyjp7z+mQGa4NS4CxiyLqFPyFWyc4O+nodLrkrxSaCTrla6M5YOLaT3RpbbqjszB5g3Q==",
      "dependencies": {
        "@types/trusted-types": "^2.0.2"
      }
    }
  }
}
